
Microsoft Visual Studio Solution File, Format Version 12.00
# Visual Studio 2012
VisualStudioVersion = 12.0.31101.0
MinimumVisualStudioVersion = 10.0.40219.1
Project("{2150E333-8FDC-42A3-9474-1A3956D46DE8}") = "Backend", "Backend", "{E3FFEE3A-453E-4DB9-8BC7-81B7194884DD}"
EndProject
Project("{FAE04EC0-301F-11D3-BF4B-00C04F79EFBC}") = "Pollenalarm.Backend", "Pollenalarm.Backend\Pollenalarm.Backend.csproj", "{E7DF00A8-4492-411C-B80C-FC8974C5BA5D}"
EndProject
Project("{2150E333-8FDC-42A3-9474-1A3956D46DE8}") = "Frontend", "Frontend", "{F1BF6501-604E-4FE6-8D7C-DA855E7C82EF}"
EndProject
Project("{2150E333-8FDC-42A3-9474-1A3956D46DE8}") = "Pollenalarm.iOS", "Pollenalarm.iOS", "{964A46BE-0FCE-4651-A1B7-56529A967B95}"
EndProject
Project("{2150E333-8FDC-42A3-9474-1A3956D46DE8}") = "Pollenalarm.Win", "Pollenalarm.Win", "{2D219300-D944-4D49-9A49-46CD46A8259D}"
EndProject
Project("{2150E333-8FDC-42A3-9474-1A3956D46DE8}") = "Pollenalarm.Android", "Pollenalarm.Android", "{9955351C-D079-4304-8E1A-91C49482660E}"
EndProject
Project("{FAE04EC0-301F-11D3-BF4B-00C04F79EFBC}") = "Pollenalarm.Droid", "Pollenalarm.Android\Pollenalarm.Android\Pollenalarm.Droid.csproj", "{FA490029-F02F-48E7-83BC-F4CE3C814DD6}"
EndProject
Project("{FAE04EC0-301F-11D3-BF4B-00C04F79EFBC}") = "Pollenalarm.Droid.UITests", "Pollenalarm.Android\Pollenalarm.Android.UITests\Pollenalarm.Droid.UITests.csproj", "{7F1B8CE7-6764-4C6C-926F-DFDC2B0E835A}"
EndProject
Project("{2150E333-8FDC-42A3-9474-1A3956D46DE8}") = "Shared", "Shared", "{3E2560CF-6C5A-46EE-B4A5-B8C5EC579D45}"
EndProject
Project("{FAE04EC0-301F-11D3-BF4B-00C04F79EFBC}") = "Pollenalarm.Shared", "Pollenalarm.Shared\Pollenalarm.Shared.csproj", "{99ACB9B6-0B21-4FF3-8ECB-49398243DA79}"
EndProject
Global
	GlobalSection(SolutionConfigurationPlatforms) = preSolution
		Ad-Hoc|Any CPU = Ad-Hoc|Any CPU
		Ad-Hoc|ARM = Ad-Hoc|ARM
		Ad-Hoc|iPhone = Ad-Hoc|iPhone
		Ad-Hoc|iPhoneSimulator = Ad-Hoc|iPhoneSimulator
		Ad-Hoc|Mixed Platforms = Ad-Hoc|Mixed Platforms
		Ad-Hoc|x64 = Ad-Hoc|x64
		Ad-Hoc|x86 = Ad-Hoc|x86
		AppStore|Any CPU = AppStore|Any CPU
		AppStore|ARM = AppStore|ARM
		AppStore|iPhone = AppStore|iPhone
		AppStore|iPhoneSimulator = AppStore|iPhoneSimulator
		AppStore|Mixed Platforms = AppStore|Mixed Platforms
		AppStore|x64 = AppStore|x64
		AppStore|x86 = AppStore|x86
		Debug|Any CPU = Debug|Any CPU
		Debug|ARM = Debug|ARM
		Debug|iPhone = Debug|iPhone
		Debug|iPhoneSimulator = Debug|iPhoneSimulator
		Debug|Mixed Platforms = Debug|Mixed Platforms
		Debug|x64 = Debug|x64
		Debug|x86 = Debug|x86
		Release|Any CPU = Release|Any CPU
		Release|ARM = Release|ARM
		Release|iPhone = Release|iPhone
		Release|iPhoneSimulator = Release|iPhoneSimulator
		Release|Mixed Platforms = Release|Mixed Platforms
		Release|x64 = Release|x64
		Release|x86 = Release|x86
	EndGlobalSection
	GlobalSection(ProjectConfigurationPlatforms) = postSolution
		{7F1B8CE7-6764-4C6C-926F-DFDC2B0E835A}.Ad-Hoc|Any CPU.ActiveCfg = Release|Any CPU
		{7F1B8CE7-6764-4C6C-926F-DFDC2B0E835A}.Ad-Hoc|Any CPU.Build.0 = Release|Any CPU
		{7F1B8CE7-6764-4C6C-926F-DFDC2B0E835A}.Ad-Hoc|ARM.ActiveCfg = Debug|Any CPU
		{7F1B8CE7-6764-4C6C-926F-DFDC2B0E835A}.Ad-Hoc|ARM.Build.0 = Debug|Any CPU
		{7F1B8CE7-6764-4C6C-926F-DFDC2B0E835A}.Ad-Hoc|iPhone.ActiveCfg = Release|Any CPU
		{7F1B8CE7-6764-4C6C-926F-DFDC2B0E835A}.Ad-Hoc|iPhone.Build.0 = Release|Any CPU
		{7F1B8CE7-6764-4C6C-926F-DFDC2B0E835A}.Ad-Hoc|iPhoneSimulator.ActiveCfg = Release|Any CPU
		{7F1B8CE7-6764-4C6C-926F-DFDC2B0E835A}.Ad-Hoc|iPhoneSimulator.Build.0 = Release|Any CPU
		{7F1B8CE7-6764-4C6C-926F-DFDC2B0E835A}.Ad-Hoc|Mixed Platforms.ActiveCfg = Release|Any CPU
		{7F1B8CE7-6764-4C6C-926F-DFDC2B0E835A}.Ad-Hoc|Mixed Platforms.Build.0 = Release|Any CPU
		{7F1B8CE7-6764-4C6C-926F-DFDC2B0E835A}.Ad-Hoc|x64.ActiveCfg = Debug|Any CPU
		{7F1B8CE7-6764-4C6C-926F-DFDC2B0E835A}.Ad-Hoc|x64.Build.0 = Debug|Any CPU
		{7F1B8CE7-6764-4C6C-926F-DFDC2B0E835A}.Ad-Hoc|x86.ActiveCfg = Debug|Any CPU
		{7F1B8CE7-6764-4C6C-926F-DFDC2B0E835A}.Ad-Hoc|x86.Build.0 = Debug|Any CPU
		{7F1B8CE7-6764-4C6C-926F-DFDC2B0E835A}.AppStore|Any CPU.ActiveCfg = Release|Any CPU
		{7F1B8CE7-6764-4C6C-926F-DFDC2B0E835A}.AppStore|Any CPU.Build.0 = Release|Any CPU
		{7F1B8CE7-6764-4C6C-926F-DFDC2B0E835A}.AppStore|ARM.ActiveCfg = Debug|Any CPU
		{7F1B8CE7-6764-4C6C-926F-DFDC2B0E835A}.AppStore|ARM.Build.0 = Debug|Any CPU
		{7F1B8CE7-6764-4C6C-926F-DFDC2B0E835A}.AppStore|iPhone.ActiveCfg = Release|Any CPU
		{7F1B8CE7-6764-4C6C-926F-DFDC2B0E835A}.AppStore|iPhone.Build.0 = Release|Any CPU
		{7F1B8CE7-6764-4C6C-926F-DFDC2B0E835A}.AppStore|iPhoneSimulator.ActiveCfg = Release|Any CPU
		{7F1B8CE7-6764-4C6C-926F-DFDC2B0E835A}.AppStore|iPhoneSimulator.Build.0 = Release|Any CPU
		{7F1B8CE7-6764-4C6C-926F-DFDC2B0E835A}.AppStore|Mixed Platforms.ActiveCfg = Release|Any CPU
		{7F1B8CE7-6764-4C6C-926F-DFDC2B0E835A}.AppStore|Mixed Platforms.Build.0 = Release|Any CPU
		{7F1B8CE7-6764-4C6C-926F-DFDC2B0E835A}.AppStore|x64.ActiveCfg = Debug|Any CPU
		{7F1B8CE7-6764-4C6C-926F-DFDC2B0E835A}.AppStore|x64.Build.0 = Debug|Any CPU
		{7F1B8CE7-6764-4C6C-926F-DFDC2B0E835A}.AppStore|x86.ActiveCfg = Debug|Any CPU
		{7F1B8CE7-6764-4C6C-926F-DFDC2B0E835A}.AppStore|x86.Build.0 = Debug|Any CPU
		{7F1B8CE7-6764-4C6C-926F-DFDC2B0E835A}.Debug|Any CPU.ActiveCfg = Debug|Any CPU
		{7F1B8CE7-6764-4C6C-926F-DFDC2B0E835A}.Debug|Any CPU.Build.0 = Debug|Any CPU
		{7F1B8CE7-6764-4C6C-926F-DFDC2B0E835A}.Debug|ARM.ActiveCfg = Debug|Any CPU
		{7F1B8CE7-6764-4C6C-926F-DFDC2B0E835A}.Debug|ARM.Build.0 = Debug|Any CPU
		{7F1B8CE7-6764-4C6C-926F-DFDC2B0E835A}.Debug|iPhone.ActiveCfg = Debug|Any CPU
		{7F1B8CE7-6764-4C6C-926F-DFDC2B0E835A}.Debug|iPhone.Build.0 = Debug|Any CPU
		{7F1B8CE7-6764-4C6C-926F-DFDC2B0E835A}.Debug|iPhoneSimulator.ActiveCfg = Debug|Any CPU
		{7F1B8CE7-6764-4C6C-926F-DFDC2B0E835A}.Debug|iPhoneSimulator.Build.0 = Debug|Any CPU
		{7F1B8CE7-6764-4C6C-926F-DFDC2B0E835A}.Debug|Mixed Platforms.ActiveCfg = Debug|Any CPU
		{7F1B8CE7-6764-4C6C-926F-DFDC2B0E835A}.Debug|Mixed Platforms.Build.0 = Debug|Any CPU
		{7F1B8CE7-6764-4C6C-926F-DFDC2B0E835A}.Debug|x64.ActiveCfg = Debug|Any CPU
		{7F1B8CE7-6764-4C6C-926F-DFDC2B0E835A}.Debug|x64.Build.0 = Debug|Any CPU
		{7F1B8CE7-6764-4C6C-926F-DFDC2B0E835A}.Debug|x86.ActiveCfg = Debug|Any CPU
		{7F1B8CE7-6764-4C6C-926F-DFDC2B0E835A}.Debug|x86.Build.0 = Debug|Any CPU
		{7F1B8CE7-6764-4C6C-926F-DFDC2B0E835A}.Release|Any CPU.ActiveCfg = Release|Any CPU
		{7F1B8CE7-6764-4C6C-926F-DFDC2B0E835A}.Release|Any CPU.Build.0 = Release|Any CPU
		{7F1B8CE7-6764-4C6C-926F-DFDC2B0E835A}.Release|ARM.ActiveCfg = Release|Any CPU
		{7F1B8CE7-6764-4C6C-926F-DFDC2B0E835A}.Release|ARM.Build.0 = Release|Any CPU
		{7F1B8CE7-6764-4C6C-926F-DFDC2B0E835A}.Release|iPhone.ActiveCfg = Release|Any CPU
		{7F1B8CE7-6764-4C6C-926F-DFDC2B0E835A}.Release|iPhone.Build.0 = Release|Any CPU
		{7F1B8CE7-6764-4C6C-926F-DFDC2B0E835A}.Release|iPhoneSimulator.ActiveCfg = Release|Any CPU
		{7F1B8CE7-6764-4C6C-926F-DFDC2B0E835A}.Release|iPhoneSimulator.Build.0 = Release|Any CPU
		{7F1B8CE7-6764-4C6C-926F-DFDC2B0E835A}.Release|Mixed Platforms.ActiveCfg = Release|Any CPU
		{7F1B8CE7-6764-4C6C-926F-DFDC2B0E835A}.Release|Mixed Platforms.Build.0 = Release|Any CPU
		{7F1B8CE7-6764-4C6C-926F-DFDC2B0E835A}.Release|x64.ActiveCfg = Release|Any CPU
		{7F1B8CE7-6764-4C6C-926F-DFDC2B0E835A}.Release|x64.Build.0 = Release|Any CPU
		{7F1B8CE7-6764-4C6C-926F-DFDC2B0E835A}.Release|x86.ActiveCfg = Release|Any CPU
		{7F1B8CE7-6764-4C6C-926F-DFDC2B0E835A}.Release|x86.Build.0 = Release|Any CPU
		{99ACB9B6-0B21-4FF3-8ECB-49398243DA79}.Ad-Hoc|Any CPU.ActiveCfg = Release|Any CPU
		{99ACB9B6-0B21-4FF3-8ECB-49398243DA79}.Ad-Hoc|Any CPU.Build.0 = Release|Any CPU
		{99ACB9B6-0B21-4FF3-8ECB-49398243DA79}.Ad-Hoc|ARM.ActiveCfg = Release|Any CPU
		{99ACB9B6-0B21-4FF3-8ECB-49398243DA79}.Ad-Hoc|iPhone.ActiveCfg = Release|Any CPU
		{99ACB9B6-0B21-4FF3-8ECB-49398243DA79}.Ad-Hoc|iPhoneSimulator.ActiveCfg = Release|Any CPU
		{99ACB9B6-0B21-4FF3-8ECB-49398243DA79}.Ad-Hoc|Mixed Platforms.ActiveCfg = Release|Any CPU
		{99ACB9B6-0B21-4FF3-8ECB-49398243DA79}.Ad-Hoc|Mixed Platforms.Build.0 = Release|Any CPU
		{99ACB9B6-0B21-4FF3-8ECB-49398243DA79}.Ad-Hoc|x64.ActiveCfg = Release|Any CPU
		{99ACB9B6-0B21-4FF3-8ECB-49398243DA79}.Ad-Hoc|x86.ActiveCfg = Release|Any CPU
		{99ACB9B6-0B21-4FF3-8ECB-49398243DA79}.AppStore|Any CPU.ActiveCfg = Release|Any CPU
		{99ACB9B6-0B21-4FF3-8ECB-49398243DA79}.AppStore|Any CPU.Build.0 = Release|Any CPU
		{99ACB9B6-0B21-4FF3-8ECB-49398243DA79}.AppStore|ARM.ActiveCfg = Release|Any CPU
		{99ACB9B6-0B21-4FF3-8ECB-49398243DA79}.AppStore|iPhone.ActiveCfg = Release|Any CPU
		{99ACB9B6-0B21-4FF3-8ECB-49398243DA79}.AppStore|iPhoneSimulator.ActiveCfg = Release|Any CPU
		{99ACB9B6-0B21-4FF3-8ECB-49398243DA79}.AppStore|Mixed Platforms.ActiveCfg = Release|Any CPU
		{99ACB9B6-0B21-4FF3-8ECB-49398243DA79}.AppStore|Mixed Platforms.Build.0 = Release|Any CPU
		{99ACB9B6-0B21-4FF3-8ECB-49398243DA79}.AppStore|x64.ActiveCfg = Release|Any CPU
		{99ACB9B6-0B21-4FF3-8ECB-49398243DA79}.AppStore|x86.ActiveCfg = Release|Any CPU
		{99ACB9B6-0B21-4FF3-8ECB-49398243DA79}.Debug|Any CPU.ActiveCfg = Debug|Any CPU
		{99ACB9B6-0B21-4FF3-8ECB-49398243DA79}.Debug|Any CPU.Build.0 = Debug|Any CPU
		{99ACB9B6-0B21-4FF3-8ECB-49398243DA79}.Debug|ARM.ActiveCfg = Debug|Any CPU
		{99ACB9B6-0B21-4FF3-8ECB-49398243DA79}.Debug|iPhone.ActiveCfg = Debug|Any CPU
		{99ACB9B6-0B21-4FF3-8ECB-49398243DA79}.Debug|iPhoneSimulator.ActiveCfg = Debug|Any CPU
		{99ACB9B6-0B21-4FF3-8ECB-49398243DA79}.Debug|Mixed Platforms.ActiveCfg = Debug|Any CPU
		{99ACB9B6-0B21-4FF3-8ECB-49398243DA79}.Debug|Mixed Platforms.Build.0 = Debug|Any CPU
		{99ACB9B6-0B21-4FF3-8ECB-49398243DA79}.Debug|x64.ActiveCfg = Debug|Any CPU
		{99ACB9B6-0B21-4FF3-8ECB-49398243DA79}.Debug|x86.ActiveCfg = Debug|Any CPU
		{99ACB9B6-0B21-4FF3-8ECB-49398243DA79}.Release|Any CPU.ActiveCfg = Release|Any CPU
		{99ACB9B6-0B21-4FF3-8ECB-49398243DA79}.Release|Any CPU.Build.0 = Release|Any CPU
		{99ACB9B6-0B21-4FF3-8ECB-49398243DA79}.Release|ARM.ActiveCfg = Release|Any CPU
		{99ACB9B6-0B21-4FF3-8ECB-49398243DA79}.Release|iPhone.ActiveCfg = Release|Any CPU
		{99ACB9B6-0B21-4FF3-8ECB-49398243DA79}.Release|iPhoneSimulator.ActiveCfg = Release|Any CPU
		{99ACB9B6-0B21-4FF3-8ECB-49398243DA79}.Release|Mixed Platforms.ActiveCfg = Release|Any CPU
		{99ACB9B6-0B21-4FF3-8ECB-49398243DA79}.Release|Mixed Platforms.Build.0 = Release|Any CPU
		{99ACB9B6-0B21-4FF3-8ECB-49398243DA79}.Release|x64.ActiveCfg = Release|Any CPU
		{99ACB9B6-0B21-4FF3-8ECB-49398243DA79}.Release|x86.ActiveCfg = Release|Any CPU
		{E7DF00A8-4492-411C-B80C-FC8974C5BA5D}.Ad-Hoc|Any CPU.ActiveCfg = Release|Any CPU
		{E7DF00A8-4492-411C-B80C-FC8974C5BA5D}.Ad-Hoc|Any CPU.Build.0 = Release|Any CPU
		{E7DF00A8-4492-411C-B80C-FC8974C5BA5D}.Ad-Hoc|ARM.ActiveCfg = Debug|Any CPU
		{E7DF00A8-4492-411C-B80C-FC8974C5BA5D}.Ad-Hoc|iPhone.ActiveCfg = Release|Any CPU
		{E7DF00A8-4492-411C-B80C-FC8974C5BA5D}.Ad-Hoc|iPhoneSimulator.ActiveCfg = Release|Any CPU
		{E7DF00A8-4492-411C-B80C-FC8974C5BA5D}.Ad-Hoc|Mixed Platforms.ActiveCfg = Release|Any CPU
		{E7DF00A8-4492-411C-B80C-FC8974C5BA5D}.Ad-Hoc|Mixed Platforms.Build.0 = Release|Any CPU
		{E7DF00A8-4492-411C-B80C-FC8974C5BA5D}.Ad-Hoc|x64.ActiveCfg = Debug|Any CPU
		{E7DF00A8-4492-411C-B80C-FC8974C5BA5D}.Ad-Hoc|x86.ActiveCfg = Debug|Any CPU
		{E7DF00A8-4492-411C-B80C-FC8974C5BA5D}.AppStore|Any CPU.ActiveCfg = Release|Any CPU
		{E7DF00A8-4492-411C-B80C-FC8974C5BA5D}.AppStore|Any CPU.Build.0 = Release|Any CPU
		{E7DF00A8-4492-411C-B80C-FC8974C5BA5D}.AppStore|ARM.ActiveCfg = Debug|Any CPU
		{E7DF00A8-4492-411C-B80C-FC8974C5BA5D}.AppStore|iPhone.ActiveCfg = Release|Any CPU
		{E7DF00A8-4492-411C-B80C-FC8974C5BA5D}.AppStore|iPhoneSimulator.ActiveCfg = Release|Any CPU
		{E7DF00A8-4492-411C-B80C-FC8974C5BA5D}.AppStore|Mixed Platforms.ActiveCfg = Release|Any CPU
		{E7DF00A8-4492-411C-B80C-FC8974C5BA5D}.AppStore|Mixed Platforms.Build.0 = Release|Any CPU
		{E7DF00A8-4492-411C-B80C-FC8974C5BA5D}.AppStore|x64.ActiveCfg = Debug|Any CPU
		{E7DF00A8-4492-411C-B80C-FC8974C5BA5D}.AppStore|x86.ActiveCfg = Debug|Any CPU
		{E7DF00A8-4492-411C-B80C-FC8974C5BA5D}.Debug|Any CPU.ActiveCfg = Debug|Any CPU
		{E7DF00A8-4492-411C-B80C-FC8974C5BA5D}.Debug|Any CPU.Build.0 = Debug|Any CPU
		{E7DF00A8-4492-411C-B80C-FC8974C5BA5D}.Debug|ARM.ActiveCfg = Debug|Any CPU
		{E7DF00A8-4492-411C-B80C-FC8974C5BA5D}.Debug|iPhone.ActiveCfg = Debug|Any CPU
		{E7DF00A8-4492-411C-B80C-FC8974C5BA5D}.Debug|iPhoneSimulator.ActiveCfg = Debug|Any CPU
		{E7DF00A8-4492-411C-B80C-FC8974C5BA5D}.Debug|Mixed Platforms.ActiveCfg = Debug|Any CPU
		{E7DF00A8-4492-411C-B80C-FC8974C5BA5D}.Debug|Mixed Platforms.Build.0 = Debug|Any CPU
		{E7DF00A8-4492-411C-B80C-FC8974C5BA5D}.Debug|x64.ActiveCfg = Debug|Any CPU
		{E7DF00A8-4492-411C-B80C-FC8974C5BA5D}.Debug|x86.ActiveCfg = Debug|Any CPU
		{E7DF00A8-4492-411C-B80C-FC8974C5BA5D}.Release|Any CPU.ActiveCfg = Release|Any CPU
		{E7DF00A8-4492-411C-B80C-FC8974C5BA5D}.Release|Any CPU.Build.0 = Release|Any CPU
		{E7DF00A8-4492-411C-B80C-FC8974C5BA5D}.Release|ARM.ActiveCfg = Release|Any CPU
		{E7DF00A8-4492-411C-B80C-FC8974C5BA5D}.Release|iPhone.ActiveCfg = Release|Any CPU
		{E7DF00A8-4492-411C-B80C-FC8974C5BA5D}.Release|iPhoneSimulator.ActiveCfg = Release|Any CPU
		{E7DF00A8-4492-411C-B80C-FC8974C5BA5D}.Release|Mixed Platforms.ActiveCfg = Release|Any CPU
		{E7DF00A8-4492-411C-B80C-FC8974C5BA5D}.Release|Mixed Platforms.Build.0 = Release|Any CPU
		{E7DF00A8-4492-411C-B80C-FC8974C5BA5D}.Release|x64.ActiveCfg = Release|Any CPU
		{E7DF00A8-4492-411C-B80C-FC8974C5BA5D}.Release|x86.ActiveCfg = Release|Any CPU
		{FA490029-F02F-48E7-83BC-F4CE3C814DD6}.Ad-Hoc|Any CPU.ActiveCfg = Release|Any CPU
		{FA490029-F02F-48E7-83BC-F4CE3C814DD6}.Ad-Hoc|Any CPU.Build.0 = Release|Any CPU
		{FA490029-F02F-48E7-83BC-F4CE3C814DD6}.Ad-Hoc|ARM.ActiveCfg = Debug|Any CPU
		{FA490029-F02F-48E7-83BC-F4CE3C814DD6}.Ad-Hoc|ARM.Build.0 = Debug|Any CPU
		{FA490029-F02F-48E7-83BC-F4CE3C814DD6}.Ad-Hoc|iPhone.ActiveCfg = Release|Any CPU
		{FA490029-F02F-48E7-83BC-F4CE3C814DD6}.Ad-Hoc|iPhone.Build.0 = Release|Any CPU
		{FA490029-F02F-48E7-83BC-F4CE3C814DD6}.Ad-Hoc|iPhoneSimulator.ActiveCfg = Release|Any CPU
		{FA490029-F02F-48E7-83BC-F4CE3C814DD6}.Ad-Hoc|iPhoneSimulator.Build.0 = Release|Any CPU
		{FA490029-F02F-48E7-83BC-F4CE3C814DD6}.Ad-Hoc|Mixed Platforms.ActiveCfg = Release|Any CPU
		{FA490029-F02F-48E7-83BC-F4CE3C814DD6}.Ad-Hoc|Mixed Platforms.Build.0 = Release|Any CPU
		{FA490029-F02F-48E7-83BC-F4CE3C814DD6}.Ad-Hoc|x64.ActiveCfg = Debug|Any CPU
		{FA490029-F02F-48E7-83BC-F4CE3C814DD6}.Ad-Hoc|x64.Build.0 = Debug|Any CPU
		{FA490029-F02F-48E7-83BC-F4CE3C814DD6}.Ad-Hoc|x86.ActiveCfg = Debug|Any CPU
		{FA490029-F02F-48E7-83BC-F4CE3C814DD6}.Ad-Hoc|x86.Build.0 = Debug|Any CPU
		{FA490029-F02F-48E7-83BC-F4CE3C814DD6}.AppStore|Any CPU.ActiveCfg = Release|Any CPU
		{FA490029-F02F-48E7-83BC-F4CE3C814DD6}.AppStore|Any CPU.Build.0 = Release|Any CPU
		{FA490029-F02F-48E7-83BC-F4CE3C814DD6}.AppStore|ARM.ActiveCfg = Debug|Any CPU
		{FA490029-F02F-48E7-83BC-F4CE3C814DD6}.AppStore|ARM.Build.0 = Debug|Any CPU
		{FA490029-F02F-48E7-83BC-F4CE3C814DD6}.AppStore|iPhone.ActiveCfg = Release|Any CPU
		{FA490029-F02F-48E7-83BC-F4CE3C814DD6}.AppStore|iPhone.Build.0 = Release|Any CPU
		{FA490029-F02F-48E7-83BC-F4CE3C814DD6}.AppStore|iPhoneSimulator.ActiveCfg = Release|Any CPU
		{FA490029-F02F-48E7-83BC-F4CE3C814DD6}.AppStore|iPhoneSimulator.Build.0 = Release|Any CPU
		{FA490029-F02F-48E7-83BC-F4CE3C814DD6}.AppStore|Mixed Platforms.ActiveCfg = Release|Any CPU
		{FA490029-F02F-48E7-83BC-F4CE3C814DD6}.AppStore|Mixed Platforms.Build.0 = Release|Any CPU
		{FA490029-F02F-48E7-83BC-F4CE3C814DD6}.AppStore|x64.ActiveCfg = Debug|Any CPU
		{FA490029-F02F-48E7-83BC-F4CE3C814DD6}.AppStore|x64.Build.0 = Debug|Any CPU
		{FA490029-F02F-48E7-83BC-F4CE3C814DD6}.AppStore|x86.ActiveCfg = Debug|Any CPU
		{FA490029-F02F-48E7-83BC-F4CE3C814DD6}.AppStore|x86.Build.0 = Debug|Any CPU
		{FA490029-F02F-48E7-83BC-F4CE3C814DD6}.Debug|Any CPU.ActiveCfg = Debug|Any CPU
		{FA490029-F02F-48E7-83BC-F4CE3C814DD6}.Debug|Any CPU.Build.0 = Debug|Any CPU
		{FA490029-F02F-48E7-83BC-F4CE3C814DD6}.Debug|ARM.ActiveCfg = Debug|Any CPU
		{FA490029-F02F-48E7-83BC-F4CE3C814DD6}.Debug|ARM.Build.0 = Debug|Any CPU
		{FA490029-F02F-48E7-83BC-F4CE3C814DD6}.Debug|iPhone.ActiveCfg = Debug|Any CPU
		{FA490029-F02F-48E7-83BC-F4CE3C814DD6}.Debug|iPhone.Build.0 = Debug|Any CPU
		{FA490029-F02F-48E7-83BC-F4CE3C814DD6}.Debug|iPhoneSimulator.ActiveCfg = Debug|Any CPU
		{FA490029-F02F-48E7-83BC-F4CE3C814DD6}.Debug|iPhoneSimulator.Build.0 = Debug|Any CPU
		{FA490029-F02F-48E7-83BC-F4CE3C814DD6}.Debug|Mixed Platforms.ActiveCfg = Debug|Any CPU
		{FA490029-F02F-48E7-83BC-F4CE3C814DD6}.Debug|Mixed Platforms.Build.0 = Debug|Any CPU
		{FA490029-F02F-48E7-83BC-F4CE3C814DD6}.Debug|x64.ActiveCfg = Debug|Any CPU
		{FA490029-F02F-48E7-83BC-F4CE3C814DD6}.Debug|x64.Build.0 = Debug|Any CPU
		{FA490029-F02F-48E7-83BC-F4CE3C814DD6}.Debug|x86.ActiveCfg = Debug|Any CPU
		{FA490029-F02F-48E7-83BC-F4CE3C814DD6}.Debug|x86.Build.0 = Debug|Any CPU
		{FA490029-F02F-48E7-83BC-F4CE3C814DD6}.Release|Any CPU.ActiveCfg = Release|Any CPU
		{FA490029-F02F-48E7-83BC-F4CE3C814DD6}.Release|Any CPU.Build.0 = Release|Any CPU
		{FA490029-F02F-48E7-83BC-F4CE3C814DD6}.Release|ARM.ActiveCfg = Release|Any CPU
		{FA490029-F02F-48E7-83BC-F4CE3C814DD6}.Release|ARM.Build.0 = Release|Any CPU
		{FA490029-F02F-48E7-83BC-F4CE3C814DD6}.Release|iPhone.ActiveCfg = Release|Any CPU
		{FA490029-F02F-48E7-83BC-F4CE3C814DD6}.Release|iPhone.Build.0 = Release|Any CPU
		{FA490029-F02F-48E7-83BC-F4CE3C814DD6}.Release|iPhoneSimulator.ActiveCfg = Release|Any CPU
		{FA490029-F02F-48E7-83BC-F4CE3C814DD6}.Release|iPhoneSimulator.Build.0 = Release|Any CPU
		{FA490029-F02F-48E7-83BC-F4CE3C814DD6}.Release|Mixed Platforms.ActiveCfg = Release|Any CPU
		{FA490029-F02F-48E7-83BC-F4CE3C814DD6}.Release|Mixed Platforms.Build.0 = Release|Any CPU
		{FA490029-F02F-48E7-83BC-F4CE3C814DD6}.Release|x64.ActiveCfg = Release|Any CPU
		{FA490029-F02F-48E7-83BC-F4CE3C814DD6}.Release|x64.Build.0 = Release|Any CPU
		{FA490029-F02F-48E7-83BC-F4CE3C814DD6}.Release|x86.ActiveCfg = Release|Any CPU
		{FA490029-F02F-48E7-83BC-F4CE3C814DD6}.Release|x86.Build.0 = Release|Any CPU
	EndGlobalSection
	GlobalSection(NestedProjects) = preSolution
		{E7DF00A8-4492-411C-B80C-FC8974C5BA5D} = {E3FFEE3A-453E-4DB9-8BC7-81B7194884DD}
		{964A46BE-0FCE-4651-A1B7-56529A967B95} = {F1BF6501-604E-4FE6-8D7C-DA855E7C82EF}
		{2D219300-D944-4D49-9A49-46CD46A8259D} = {F1BF6501-604E-4FE6-8D7C-DA855E7C82EF}
		{9955351C-D079-4304-8E1A-91C49482660E} = {F1BF6501-604E-4FE6-8D7C-DA855E7C82EF}
		{FA490029-F02F-48E7-83BC-F4CE3C814DD6} = {9955351C-D079-4304-8E1A-91C49482660E}
		{7F1B8CE7-6764-4C6C-926F-DFDC2B0E835A} = {9955351C-D079-4304-8E1A-91C49482660E}
		{99ACB9B6-0B21-4FF3-8ECB-49398243DA79} = {3E2560CF-6C5A-46EE-B4A5-B8C5EC579D45}
	EndGlobalSection
	GlobalSection(SolutionProperties) = preSolution
		HideSolutionNode = FALSE
	EndGlobalSection
EndGlobal
