
Microsoft Visual Studio Solution File, Format Version 12.00
# Visual Studio 14
VisualStudioVersion = 14.0.25420.1
MinimumVisualStudioVersion = 10.0.40219.1
Project("{2150E333-8FDC-42A3-9474-1A3956D46DE8}") = "Backend", "Backend", "{E3FFEE3A-453E-4DB9-8BC7-81B7194884DD}"
EndProject
Project("{FAE04EC0-301F-11D3-BF4B-00C04F79EFBC}") = "Pollenalarm.Backend", "Backend\Pollenalarm.Backend\Pollenalarm.Backend.csproj", "{E7DF00A8-4492-411C-B80C-FC8974C5BA5D}"
EndProject
Project("{2150E333-8FDC-42A3-9474-1A3956D46DE8}") = "Frontend", "Frontend", "{F1BF6501-604E-4FE6-8D7C-DA855E7C82EF}"
EndProject
Project("{2150E333-8FDC-42A3-9474-1A3956D46DE8}") = "Shared", "Shared", "{3E2560CF-6C5A-46EE-B4A5-B8C5EC579D45}"
EndProject
Project("{2150E333-8FDC-42A3-9474-1A3956D46DE8}") = "Xamarin.Forms", "Xamarin.Forms", "{BAF1F2AB-6396-44AC-8ECD-7DB52F52B102}"
EndProject
Project("{FAE04EC0-301F-11D3-BF4B-00C04F79EFBC}") = "Pollenalarm.Frontend.Forms.Droid", "Frontend\Xamarin.Forms\Pollenalarm.Frontend.Forms\Pollenalarm.Frontend.Forms.Droid\Pollenalarm.Frontend.Forms.Droid.csproj", "{BC635AA4-3E2D-4BB6-8504-F0BC99BD1FF8}"
EndProject
Project("{FAE04EC0-301F-11D3-BF4B-00C04F79EFBC}") = "Pollenalarm.Frontend.Forms.iOS", "Frontend\Xamarin.Forms\Pollenalarm.Frontend.Forms\Pollenalarm.Frontend.Forms.iOS\Pollenalarm.Frontend.Forms.iOS.csproj", "{F5568B4C-2A55-4AD9-8F1D-126EE5D51076}"
EndProject
Project("{FAE04EC0-301F-11D3-BF4B-00C04F79EFBC}") = "Pollenalarm.Frontend.Forms.WinPhone", "Frontend\Xamarin.Forms\Pollenalarm.Frontend.Forms\Pollenalarm.Frontend.Forms.WinPhone\Pollenalarm.Frontend.Forms.WinPhone.csproj", "{2756C7ED-F9A2-47EA-99A2-5ACFADE65832}"
EndProject
Project("{FAE04EC0-301F-11D3-BF4B-00C04F79EFBC}") = "Pollenalarm.Frontend.Forms.UWP", "Frontend\Xamarin.Forms\Pollenalarm.Frontend.Forms\Pollenalarm.Frontend.Forms.UWP\Pollenalarm.Frontend.Forms.UWP.csproj", "{819CF130-6E89-4900-AD7E-1C2B1BE17523}"
EndProject
Project("{FAE04EC0-301F-11D3-BF4B-00C04F79EFBC}") = "Pollenalarm.Frontend.Forms.Windows", "Frontend\Xamarin.Forms\Pollenalarm.Frontend.Forms\Pollenalarm.Frontend.Forms.Windows\Pollenalarm.Frontend.Forms.Windows.csproj", "{08947784-046B-4838-86D5-506DF38178A5}"
EndProject
Project("{FAE04EC0-301F-11D3-BF4B-00C04F79EFBC}") = "Pollenalarm.Frontend.Forms", "Frontend\Xamarin.Forms\Pollenalarm.Frontend.Forms\Pollenalarm.Frontend.Forms\Pollenalarm.Frontend.Forms.csproj", "{8506D846-A054-42E5-8B68-54699A561A88}"
EndProject
Project("{2150E333-8FDC-42A3-9474-1A3956D46DE8}") = "Shared", "Shared", "{1DDEFE86-2457-40FD-9E6D-445A54CEB27F}"
EndProject
Project("{FAE04EC0-301F-11D3-BF4B-00C04F79EFBC}") = "Pollenalarm.Frontend.Shared", "Frontend\Shared\Pollenalarm.Frontend.Shared\Pollenalarm.Frontend.Shared.csproj", "{F0E761BA-D24A-42DA-A29D-93554D70E416}"
EndProject
Project("{2150E333-8FDC-42A3-9474-1A3956D46DE8}") = "Core", "Core", "{D9637CFB-4B21-4775-BAFC-3D0D1F33B350}"
EndProject
Project("{FAE04EC0-301F-11D3-BF4B-00C04F79EFBC}") = "Pollenalarm.Core", "Core\Pollenalarm.Core\Pollenalarm.Core.csproj", "{D676E2A1-C502-446B-B7A4-CCD2803467EA}"
EndProject
Project("{2150E333-8FDC-42A3-9474-1A3956D46DE8}") = "Xamarin", "Xamarin", "{2D2DAB08-733C-4E91-B079-07DB05F4C53C}"
EndProject
Global
	GlobalSection(SolutionConfigurationPlatforms) = preSolution
		Ad-Hoc|Any CPU = Ad-Hoc|Any CPU
		Ad-Hoc|ARM = Ad-Hoc|ARM
		Ad-Hoc|iPhone = Ad-Hoc|iPhone
		Ad-Hoc|iPhoneSimulator = Ad-Hoc|iPhoneSimulator
		Ad-Hoc|Mixed Platforms = Ad-Hoc|Mixed Platforms
		Ad-Hoc|x64 = Ad-Hoc|x64
		Ad-Hoc|x86 = Ad-Hoc|x86
		AppStore|Any CPU = AppStore|Any CPU
		AppStore|ARM = AppStore|ARM
		AppStore|iPhone = AppStore|iPhone
		AppStore|iPhoneSimulator = AppStore|iPhoneSimulator
		AppStore|Mixed Platforms = AppStore|Mixed Platforms
		AppStore|x64 = AppStore|x64
		AppStore|x86 = AppStore|x86
		Debug|Any CPU = Debug|Any CPU
		Debug|ARM = Debug|ARM
		Debug|iPhone = Debug|iPhone
		Debug|iPhoneSimulator = Debug|iPhoneSimulator
		Debug|Mixed Platforms = Debug|Mixed Platforms
		Debug|x64 = Debug|x64
		Debug|x86 = Debug|x86
		Release|Any CPU = Release|Any CPU
		Release|ARM = Release|ARM
		Release|iPhone = Release|iPhone
		Release|iPhoneSimulator = Release|iPhoneSimulator
		Release|Mixed Platforms = Release|Mixed Platforms
		Release|x64 = Release|x64
		Release|x86 = Release|x86
	EndGlobalSection
	GlobalSection(ProjectConfigurationPlatforms) = postSolution
		{E7DF00A8-4492-411C-B80C-FC8974C5BA5D}.Ad-Hoc|Any CPU.ActiveCfg = Release|Any CPU
		{E7DF00A8-4492-411C-B80C-FC8974C5BA5D}.Ad-Hoc|Any CPU.Build.0 = Release|Any CPU
		{E7DF00A8-4492-411C-B80C-FC8974C5BA5D}.Ad-Hoc|ARM.ActiveCfg = Debug|Any CPU
		{E7DF00A8-4492-411C-B80C-FC8974C5BA5D}.Ad-Hoc|iPhone.ActiveCfg = Release|Any CPU
		{E7DF00A8-4492-411C-B80C-FC8974C5BA5D}.Ad-Hoc|iPhoneSimulator.ActiveCfg = Release|Any CPU
		{E7DF00A8-4492-411C-B80C-FC8974C5BA5D}.Ad-Hoc|Mixed Platforms.ActiveCfg = Release|Any CPU
		{E7DF00A8-4492-411C-B80C-FC8974C5BA5D}.Ad-Hoc|Mixed Platforms.Build.0 = Release|Any CPU
		{E7DF00A8-4492-411C-B80C-FC8974C5BA5D}.Ad-Hoc|x64.ActiveCfg = Debug|Any CPU
		{E7DF00A8-4492-411C-B80C-FC8974C5BA5D}.Ad-Hoc|x86.ActiveCfg = Debug|Any CPU
		{E7DF00A8-4492-411C-B80C-FC8974C5BA5D}.AppStore|Any CPU.ActiveCfg = Release|Any CPU
		{E7DF00A8-4492-411C-B80C-FC8974C5BA5D}.AppStore|Any CPU.Build.0 = Release|Any CPU
		{E7DF00A8-4492-411C-B80C-FC8974C5BA5D}.AppStore|ARM.ActiveCfg = Debug|Any CPU
		{E7DF00A8-4492-411C-B80C-FC8974C5BA5D}.AppStore|iPhone.ActiveCfg = Release|Any CPU
		{E7DF00A8-4492-411C-B80C-FC8974C5BA5D}.AppStore|iPhoneSimulator.ActiveCfg = Release|Any CPU
		{E7DF00A8-4492-411C-B80C-FC8974C5BA5D}.AppStore|Mixed Platforms.ActiveCfg = Release|Any CPU
		{E7DF00A8-4492-411C-B80C-FC8974C5BA5D}.AppStore|Mixed Platforms.Build.0 = Release|Any CPU
		{E7DF00A8-4492-411C-B80C-FC8974C5BA5D}.AppStore|x64.ActiveCfg = Debug|Any CPU
		{E7DF00A8-4492-411C-B80C-FC8974C5BA5D}.AppStore|x86.ActiveCfg = Debug|Any CPU
		{E7DF00A8-4492-411C-B80C-FC8974C5BA5D}.Debug|Any CPU.ActiveCfg = Debug|Any CPU
		{E7DF00A8-4492-411C-B80C-FC8974C5BA5D}.Debug|Any CPU.Build.0 = Debug|Any CPU
		{E7DF00A8-4492-411C-B80C-FC8974C5BA5D}.Debug|ARM.ActiveCfg = Debug|Any CPU
		{E7DF00A8-4492-411C-B80C-FC8974C5BA5D}.Debug|iPhone.ActiveCfg = Debug|Any CPU
		{E7DF00A8-4492-411C-B80C-FC8974C5BA5D}.Debug|iPhoneSimulator.ActiveCfg = Debug|Any CPU
		{E7DF00A8-4492-411C-B80C-FC8974C5BA5D}.Debug|Mixed Platforms.ActiveCfg = Debug|Any CPU
		{E7DF00A8-4492-411C-B80C-FC8974C5BA5D}.Debug|Mixed Platforms.Build.0 = Debug|Any CPU
		{E7DF00A8-4492-411C-B80C-FC8974C5BA5D}.Debug|x64.ActiveCfg = Debug|Any CPU
		{E7DF00A8-4492-411C-B80C-FC8974C5BA5D}.Debug|x86.ActiveCfg = Debug|Any CPU
		{E7DF00A8-4492-411C-B80C-FC8974C5BA5D}.Release|Any CPU.ActiveCfg = Release|Any CPU
		{E7DF00A8-4492-411C-B80C-FC8974C5BA5D}.Release|Any CPU.Build.0 = Release|Any CPU
		{E7DF00A8-4492-411C-B80C-FC8974C5BA5D}.Release|ARM.ActiveCfg = Release|Any CPU
		{E7DF00A8-4492-411C-B80C-FC8974C5BA5D}.Release|iPhone.ActiveCfg = Release|Any CPU
		{E7DF00A8-4492-411C-B80C-FC8974C5BA5D}.Release|iPhoneSimulator.ActiveCfg = Release|Any CPU
		{E7DF00A8-4492-411C-B80C-FC8974C5BA5D}.Release|Mixed Platforms.ActiveCfg = Release|Any CPU
		{E7DF00A8-4492-411C-B80C-FC8974C5BA5D}.Release|Mixed Platforms.Build.0 = Release|Any CPU
		{E7DF00A8-4492-411C-B80C-FC8974C5BA5D}.Release|x64.ActiveCfg = Release|Any CPU
		{E7DF00A8-4492-411C-B80C-FC8974C5BA5D}.Release|x86.ActiveCfg = Release|Any CPU
		{BC635AA4-3E2D-4BB6-8504-F0BC99BD1FF8}.Ad-Hoc|Any CPU.ActiveCfg = Release|Any CPU
		{BC635AA4-3E2D-4BB6-8504-F0BC99BD1FF8}.Ad-Hoc|Any CPU.Build.0 = Release|Any CPU
		{BC635AA4-3E2D-4BB6-8504-F0BC99BD1FF8}.Ad-Hoc|Any CPU.Deploy.0 = Release|Any CPU
		{BC635AA4-3E2D-4BB6-8504-F0BC99BD1FF8}.Ad-Hoc|ARM.ActiveCfg = Release|Any CPU
		{BC635AA4-3E2D-4BB6-8504-F0BC99BD1FF8}.Ad-Hoc|ARM.Build.0 = Release|Any CPU
		{BC635AA4-3E2D-4BB6-8504-F0BC99BD1FF8}.Ad-Hoc|ARM.Deploy.0 = Release|Any CPU
		{BC635AA4-3E2D-4BB6-8504-F0BC99BD1FF8}.Ad-Hoc|iPhone.ActiveCfg = Release|Any CPU
		{BC635AA4-3E2D-4BB6-8504-F0BC99BD1FF8}.Ad-Hoc|iPhone.Build.0 = Release|Any CPU
		{BC635AA4-3E2D-4BB6-8504-F0BC99BD1FF8}.Ad-Hoc|iPhone.Deploy.0 = Release|Any CPU
		{BC635AA4-3E2D-4BB6-8504-F0BC99BD1FF8}.Ad-Hoc|iPhoneSimulator.ActiveCfg = Release|Any CPU
		{BC635AA4-3E2D-4BB6-8504-F0BC99BD1FF8}.Ad-Hoc|iPhoneSimulator.Build.0 = Release|Any CPU
		{BC635AA4-3E2D-4BB6-8504-F0BC99BD1FF8}.Ad-Hoc|iPhoneSimulator.Deploy.0 = Release|Any CPU
		{BC635AA4-3E2D-4BB6-8504-F0BC99BD1FF8}.Ad-Hoc|Mixed Platforms.ActiveCfg = Release|Any CPU
		{BC635AA4-3E2D-4BB6-8504-F0BC99BD1FF8}.Ad-Hoc|Mixed Platforms.Build.0 = Release|Any CPU
		{BC635AA4-3E2D-4BB6-8504-F0BC99BD1FF8}.Ad-Hoc|Mixed Platforms.Deploy.0 = Release|Any CPU
		{BC635AA4-3E2D-4BB6-8504-F0BC99BD1FF8}.Ad-Hoc|x64.ActiveCfg = Release|Any CPU
		{BC635AA4-3E2D-4BB6-8504-F0BC99BD1FF8}.Ad-Hoc|x64.Build.0 = Release|Any CPU
		{BC635AA4-3E2D-4BB6-8504-F0BC99BD1FF8}.Ad-Hoc|x64.Deploy.0 = Release|Any CPU
		{BC635AA4-3E2D-4BB6-8504-F0BC99BD1FF8}.Ad-Hoc|x86.ActiveCfg = Release|Any CPU
		{BC635AA4-3E2D-4BB6-8504-F0BC99BD1FF8}.Ad-Hoc|x86.Build.0 = Release|Any CPU
		{BC635AA4-3E2D-4BB6-8504-F0BC99BD1FF8}.Ad-Hoc|x86.Deploy.0 = Release|Any CPU
		{BC635AA4-3E2D-4BB6-8504-F0BC99BD1FF8}.AppStore|Any CPU.ActiveCfg = Release|Any CPU
		{BC635AA4-3E2D-4BB6-8504-F0BC99BD1FF8}.AppStore|Any CPU.Build.0 = Release|Any CPU
		{BC635AA4-3E2D-4BB6-8504-F0BC99BD1FF8}.AppStore|Any CPU.Deploy.0 = Release|Any CPU
		{BC635AA4-3E2D-4BB6-8504-F0BC99BD1FF8}.AppStore|ARM.ActiveCfg = Release|Any CPU
		{BC635AA4-3E2D-4BB6-8504-F0BC99BD1FF8}.AppStore|ARM.Build.0 = Release|Any CPU
		{BC635AA4-3E2D-4BB6-8504-F0BC99BD1FF8}.AppStore|ARM.Deploy.0 = Release|Any CPU
		{BC635AA4-3E2D-4BB6-8504-F0BC99BD1FF8}.AppStore|iPhone.ActiveCfg = Release|Any CPU
		{BC635AA4-3E2D-4BB6-8504-F0BC99BD1FF8}.AppStore|iPhone.Build.0 = Release|Any CPU
		{BC635AA4-3E2D-4BB6-8504-F0BC99BD1FF8}.AppStore|iPhone.Deploy.0 = Release|Any CPU
		{BC635AA4-3E2D-4BB6-8504-F0BC99BD1FF8}.AppStore|iPhoneSimulator.ActiveCfg = Release|Any CPU
		{BC635AA4-3E2D-4BB6-8504-F0BC99BD1FF8}.AppStore|iPhoneSimulator.Build.0 = Release|Any CPU
		{BC635AA4-3E2D-4BB6-8504-F0BC99BD1FF8}.AppStore|iPhoneSimulator.Deploy.0 = Release|Any CPU
		{BC635AA4-3E2D-4BB6-8504-F0BC99BD1FF8}.AppStore|Mixed Platforms.ActiveCfg = Release|Any CPU
		{BC635AA4-3E2D-4BB6-8504-F0BC99BD1FF8}.AppStore|Mixed Platforms.Build.0 = Release|Any CPU
		{BC635AA4-3E2D-4BB6-8504-F0BC99BD1FF8}.AppStore|Mixed Platforms.Deploy.0 = Release|Any CPU
		{BC635AA4-3E2D-4BB6-8504-F0BC99BD1FF8}.AppStore|x64.ActiveCfg = Release|Any CPU
		{BC635AA4-3E2D-4BB6-8504-F0BC99BD1FF8}.AppStore|x64.Build.0 = Release|Any CPU
		{BC635AA4-3E2D-4BB6-8504-F0BC99BD1FF8}.AppStore|x64.Deploy.0 = Release|Any CPU
		{BC635AA4-3E2D-4BB6-8504-F0BC99BD1FF8}.AppStore|x86.ActiveCfg = Release|Any CPU
		{BC635AA4-3E2D-4BB6-8504-F0BC99BD1FF8}.AppStore|x86.Build.0 = Release|Any CPU
		{BC635AA4-3E2D-4BB6-8504-F0BC99BD1FF8}.AppStore|x86.Deploy.0 = Release|Any CPU
		{BC635AA4-3E2D-4BB6-8504-F0BC99BD1FF8}.Debug|Any CPU.ActiveCfg = Debug|Any CPU
		{BC635AA4-3E2D-4BB6-8504-F0BC99BD1FF8}.Debug|Any CPU.Build.0 = Debug|Any CPU
		{BC635AA4-3E2D-4BB6-8504-F0BC99BD1FF8}.Debug|Any CPU.Deploy.0 = Debug|Any CPU
		{BC635AA4-3E2D-4BB6-8504-F0BC99BD1FF8}.Debug|ARM.ActiveCfg = Debug|Any CPU
		{BC635AA4-3E2D-4BB6-8504-F0BC99BD1FF8}.Debug|ARM.Build.0 = Debug|Any CPU
		{BC635AA4-3E2D-4BB6-8504-F0BC99BD1FF8}.Debug|ARM.Deploy.0 = Debug|Any CPU
		{BC635AA4-3E2D-4BB6-8504-F0BC99BD1FF8}.Debug|iPhone.ActiveCfg = Debug|Any CPU
		{BC635AA4-3E2D-4BB6-8504-F0BC99BD1FF8}.Debug|iPhone.Build.0 = Debug|Any CPU
		{BC635AA4-3E2D-4BB6-8504-F0BC99BD1FF8}.Debug|iPhone.Deploy.0 = Debug|Any CPU
		{BC635AA4-3E2D-4BB6-8504-F0BC99BD1FF8}.Debug|iPhoneSimulator.ActiveCfg = Debug|Any CPU
		{BC635AA4-3E2D-4BB6-8504-F0BC99BD1FF8}.Debug|iPhoneSimulator.Build.0 = Debug|Any CPU
		{BC635AA4-3E2D-4BB6-8504-F0BC99BD1FF8}.Debug|iPhoneSimulator.Deploy.0 = Debug|Any CPU
		{BC635AA4-3E2D-4BB6-8504-F0BC99BD1FF8}.Debug|Mixed Platforms.ActiveCfg = Debug|Any CPU
		{BC635AA4-3E2D-4BB6-8504-F0BC99BD1FF8}.Debug|Mixed Platforms.Build.0 = Debug|Any CPU
		{BC635AA4-3E2D-4BB6-8504-F0BC99BD1FF8}.Debug|Mixed Platforms.Deploy.0 = Debug|Any CPU
		{BC635AA4-3E2D-4BB6-8504-F0BC99BD1FF8}.Debug|x64.ActiveCfg = Debug|Any CPU
		{BC635AA4-3E2D-4BB6-8504-F0BC99BD1FF8}.Debug|x64.Build.0 = Debug|Any CPU
		{BC635AA4-3E2D-4BB6-8504-F0BC99BD1FF8}.Debug|x64.Deploy.0 = Debug|Any CPU
		{BC635AA4-3E2D-4BB6-8504-F0BC99BD1FF8}.Debug|x86.ActiveCfg = Debug|Any CPU
		{BC635AA4-3E2D-4BB6-8504-F0BC99BD1FF8}.Debug|x86.Build.0 = Debug|Any CPU
		{BC635AA4-3E2D-4BB6-8504-F0BC99BD1FF8}.Debug|x86.Deploy.0 = Debug|Any CPU
		{BC635AA4-3E2D-4BB6-8504-F0BC99BD1FF8}.Release|Any CPU.ActiveCfg = Release|Any CPU
		{BC635AA4-3E2D-4BB6-8504-F0BC99BD1FF8}.Release|Any CPU.Build.0 = Release|Any CPU
		{BC635AA4-3E2D-4BB6-8504-F0BC99BD1FF8}.Release|Any CPU.Deploy.0 = Release|Any CPU
		{BC635AA4-3E2D-4BB6-8504-F0BC99BD1FF8}.Release|ARM.ActiveCfg = Release|Any CPU
		{BC635AA4-3E2D-4BB6-8504-F0BC99BD1FF8}.Release|ARM.Build.0 = Release|Any CPU
		{BC635AA4-3E2D-4BB6-8504-F0BC99BD1FF8}.Release|ARM.Deploy.0 = Release|Any CPU
		{BC635AA4-3E2D-4BB6-8504-F0BC99BD1FF8}.Release|iPhone.ActiveCfg = Release|Any CPU
		{BC635AA4-3E2D-4BB6-8504-F0BC99BD1FF8}.Release|iPhone.Build.0 = Release|Any CPU
		{BC635AA4-3E2D-4BB6-8504-F0BC99BD1FF8}.Release|iPhone.Deploy.0 = Release|Any CPU
		{BC635AA4-3E2D-4BB6-8504-F0BC99BD1FF8}.Release|iPhoneSimulator.ActiveCfg = Release|Any CPU
		{BC635AA4-3E2D-4BB6-8504-F0BC99BD1FF8}.Release|iPhoneSimulator.Build.0 = Release|Any CPU
		{BC635AA4-3E2D-4BB6-8504-F0BC99BD1FF8}.Release|iPhoneSimulator.Deploy.0 = Release|Any CPU
		{BC635AA4-3E2D-4BB6-8504-F0BC99BD1FF8}.Release|Mixed Platforms.ActiveCfg = Release|Any CPU
		{BC635AA4-3E2D-4BB6-8504-F0BC99BD1FF8}.Release|Mixed Platforms.Build.0 = Release|Any CPU
		{BC635AA4-3E2D-4BB6-8504-F0BC99BD1FF8}.Release|Mixed Platforms.Deploy.0 = Release|Any CPU
		{BC635AA4-3E2D-4BB6-8504-F0BC99BD1FF8}.Release|x64.ActiveCfg = Release|Any CPU
		{BC635AA4-3E2D-4BB6-8504-F0BC99BD1FF8}.Release|x64.Build.0 = Release|Any CPU
		{BC635AA4-3E2D-4BB6-8504-F0BC99BD1FF8}.Release|x64.Deploy.0 = Release|Any CPU
		{BC635AA4-3E2D-4BB6-8504-F0BC99BD1FF8}.Release|x86.ActiveCfg = Release|Any CPU
		{BC635AA4-3E2D-4BB6-8504-F0BC99BD1FF8}.Release|x86.Build.0 = Release|Any CPU
		{BC635AA4-3E2D-4BB6-8504-F0BC99BD1FF8}.Release|x86.Deploy.0 = Release|Any CPU
		{F5568B4C-2A55-4AD9-8F1D-126EE5D51076}.Ad-Hoc|Any CPU.ActiveCfg = Ad-Hoc|iPhone
		{F5568B4C-2A55-4AD9-8F1D-126EE5D51076}.Ad-Hoc|ARM.ActiveCfg = Ad-Hoc|iPhone
		{F5568B4C-2A55-4AD9-8F1D-126EE5D51076}.Ad-Hoc|iPhone.ActiveCfg = Ad-Hoc|iPhone
		{F5568B4C-2A55-4AD9-8F1D-126EE5D51076}.Ad-Hoc|iPhone.Build.0 = Ad-Hoc|iPhone
		{F5568B4C-2A55-4AD9-8F1D-126EE5D51076}.Ad-Hoc|iPhoneSimulator.ActiveCfg = Ad-Hoc|iPhoneSimulator
		{F5568B4C-2A55-4AD9-8F1D-126EE5D51076}.Ad-Hoc|iPhoneSimulator.Build.0 = Ad-Hoc|iPhoneSimulator
		{F5568B4C-2A55-4AD9-8F1D-126EE5D51076}.Ad-Hoc|Mixed Platforms.ActiveCfg = Ad-Hoc|iPhone
		{F5568B4C-2A55-4AD9-8F1D-126EE5D51076}.Ad-Hoc|Mixed Platforms.Build.0 = Ad-Hoc|iPhone
		{F5568B4C-2A55-4AD9-8F1D-126EE5D51076}.Ad-Hoc|x64.ActiveCfg = Ad-Hoc|iPhone
		{F5568B4C-2A55-4AD9-8F1D-126EE5D51076}.Ad-Hoc|x86.ActiveCfg = Ad-Hoc|iPhone
		{F5568B4C-2A55-4AD9-8F1D-126EE5D51076}.AppStore|Any CPU.ActiveCfg = AppStore|iPhone
		{F5568B4C-2A55-4AD9-8F1D-126EE5D51076}.AppStore|ARM.ActiveCfg = AppStore|iPhone
		{F5568B4C-2A55-4AD9-8F1D-126EE5D51076}.AppStore|iPhone.ActiveCfg = AppStore|iPhone
		{F5568B4C-2A55-4AD9-8F1D-126EE5D51076}.AppStore|iPhone.Build.0 = AppStore|iPhone
		{F5568B4C-2A55-4AD9-8F1D-126EE5D51076}.AppStore|iPhoneSimulator.ActiveCfg = AppStore|iPhoneSimulator
		{F5568B4C-2A55-4AD9-8F1D-126EE5D51076}.AppStore|iPhoneSimulator.Build.0 = AppStore|iPhoneSimulator
		{F5568B4C-2A55-4AD9-8F1D-126EE5D51076}.AppStore|Mixed Platforms.ActiveCfg = AppStore|iPhone
		{F5568B4C-2A55-4AD9-8F1D-126EE5D51076}.AppStore|Mixed Platforms.Build.0 = AppStore|iPhone
		{F5568B4C-2A55-4AD9-8F1D-126EE5D51076}.AppStore|x64.ActiveCfg = AppStore|iPhone
		{F5568B4C-2A55-4AD9-8F1D-126EE5D51076}.AppStore|x86.ActiveCfg = AppStore|iPhone
		{F5568B4C-2A55-4AD9-8F1D-126EE5D51076}.Debug|Any CPU.ActiveCfg = Debug|iPhone
		{F5568B4C-2A55-4AD9-8F1D-126EE5D51076}.Debug|ARM.ActiveCfg = Debug|iPhone
		{F5568B4C-2A55-4AD9-8F1D-126EE5D51076}.Debug|iPhone.ActiveCfg = Debug|iPhone
		{F5568B4C-2A55-4AD9-8F1D-126EE5D51076}.Debug|iPhone.Build.0 = Debug|iPhone
		{F5568B4C-2A55-4AD9-8F1D-126EE5D51076}.Debug|iPhoneSimulator.ActiveCfg = Debug|iPhoneSimulator
		{F5568B4C-2A55-4AD9-8F1D-126EE5D51076}.Debug|iPhoneSimulator.Build.0 = Debug|iPhoneSimulator
		{F5568B4C-2A55-4AD9-8F1D-126EE5D51076}.Debug|Mixed Platforms.ActiveCfg = Debug|iPhone
		{F5568B4C-2A55-4AD9-8F1D-126EE5D51076}.Debug|Mixed Platforms.Build.0 = Debug|iPhone
		{F5568B4C-2A55-4AD9-8F1D-126EE5D51076}.Debug|x64.ActiveCfg = Debug|iPhone
		{F5568B4C-2A55-4AD9-8F1D-126EE5D51076}.Debug|x86.ActiveCfg = Debug|iPhone
		{F5568B4C-2A55-4AD9-8F1D-126EE5D51076}.Release|Any CPU.ActiveCfg = Release|iPhone
		{F5568B4C-2A55-4AD9-8F1D-126EE5D51076}.Release|ARM.ActiveCfg = Release|iPhone
		{F5568B4C-2A55-4AD9-8F1D-126EE5D51076}.Release|iPhone.ActiveCfg = Release|iPhone
		{F5568B4C-2A55-4AD9-8F1D-126EE5D51076}.Release|iPhone.Build.0 = Release|iPhone
		{F5568B4C-2A55-4AD9-8F1D-126EE5D51076}.Release|iPhoneSimulator.ActiveCfg = Release|iPhoneSimulator
		{F5568B4C-2A55-4AD9-8F1D-126EE5D51076}.Release|iPhoneSimulator.Build.0 = Release|iPhoneSimulator
		{F5568B4C-2A55-4AD9-8F1D-126EE5D51076}.Release|Mixed Platforms.ActiveCfg = Release|iPhone
		{F5568B4C-2A55-4AD9-8F1D-126EE5D51076}.Release|Mixed Platforms.Build.0 = Release|iPhone
		{F5568B4C-2A55-4AD9-8F1D-126EE5D51076}.Release|x64.ActiveCfg = Release|iPhone
		{F5568B4C-2A55-4AD9-8F1D-126EE5D51076}.Release|x86.ActiveCfg = Release|iPhone
		{2756C7ED-F9A2-47EA-99A2-5ACFADE65832}.Ad-Hoc|Any CPU.ActiveCfg = Release|Any CPU
		{2756C7ED-F9A2-47EA-99A2-5ACFADE65832}.Ad-Hoc|Any CPU.Build.0 = Release|Any CPU
		{2756C7ED-F9A2-47EA-99A2-5ACFADE65832}.Ad-Hoc|Any CPU.Deploy.0 = Release|Any CPU
		{2756C7ED-F9A2-47EA-99A2-5ACFADE65832}.Ad-Hoc|ARM.ActiveCfg = Release|ARM
		{2756C7ED-F9A2-47EA-99A2-5ACFADE65832}.Ad-Hoc|ARM.Build.0 = Release|ARM
		{2756C7ED-F9A2-47EA-99A2-5ACFADE65832}.Ad-Hoc|ARM.Deploy.0 = Release|ARM
		{2756C7ED-F9A2-47EA-99A2-5ACFADE65832}.Ad-Hoc|iPhone.ActiveCfg = Release|Any CPU
		{2756C7ED-F9A2-47EA-99A2-5ACFADE65832}.Ad-Hoc|iPhone.Build.0 = Release|Any CPU
		{2756C7ED-F9A2-47EA-99A2-5ACFADE65832}.Ad-Hoc|iPhone.Deploy.0 = Release|Any CPU
		{2756C7ED-F9A2-47EA-99A2-5ACFADE65832}.Ad-Hoc|iPhoneSimulator.ActiveCfg = Release|Any CPU
		{2756C7ED-F9A2-47EA-99A2-5ACFADE65832}.Ad-Hoc|iPhoneSimulator.Build.0 = Release|Any CPU
		{2756C7ED-F9A2-47EA-99A2-5ACFADE65832}.Ad-Hoc|iPhoneSimulator.Deploy.0 = Release|Any CPU
		{2756C7ED-F9A2-47EA-99A2-5ACFADE65832}.Ad-Hoc|Mixed Platforms.ActiveCfg = Release|x86
		{2756C7ED-F9A2-47EA-99A2-5ACFADE65832}.Ad-Hoc|Mixed Platforms.Build.0 = Release|x86
		{2756C7ED-F9A2-47EA-99A2-5ACFADE65832}.Ad-Hoc|Mixed Platforms.Deploy.0 = Release|x86
		{2756C7ED-F9A2-47EA-99A2-5ACFADE65832}.Ad-Hoc|x64.ActiveCfg = Release|Any CPU
		{2756C7ED-F9A2-47EA-99A2-5ACFADE65832}.Ad-Hoc|x64.Build.0 = Release|Any CPU
		{2756C7ED-F9A2-47EA-99A2-5ACFADE65832}.Ad-Hoc|x64.Deploy.0 = Release|Any CPU
		{2756C7ED-F9A2-47EA-99A2-5ACFADE65832}.Ad-Hoc|x86.ActiveCfg = Release|x86
		{2756C7ED-F9A2-47EA-99A2-5ACFADE65832}.Ad-Hoc|x86.Build.0 = Release|x86
		{2756C7ED-F9A2-47EA-99A2-5ACFADE65832}.Ad-Hoc|x86.Deploy.0 = Release|x86
		{2756C7ED-F9A2-47EA-99A2-5ACFADE65832}.AppStore|Any CPU.ActiveCfg = Release|Any CPU
		{2756C7ED-F9A2-47EA-99A2-5ACFADE65832}.AppStore|Any CPU.Build.0 = Release|Any CPU
		{2756C7ED-F9A2-47EA-99A2-5ACFADE65832}.AppStore|Any CPU.Deploy.0 = Release|Any CPU
		{2756C7ED-F9A2-47EA-99A2-5ACFADE65832}.AppStore|ARM.ActiveCfg = Release|ARM
		{2756C7ED-F9A2-47EA-99A2-5ACFADE65832}.AppStore|ARM.Build.0 = Release|ARM
		{2756C7ED-F9A2-47EA-99A2-5ACFADE65832}.AppStore|ARM.Deploy.0 = Release|ARM
		{2756C7ED-F9A2-47EA-99A2-5ACFADE65832}.AppStore|iPhone.ActiveCfg = Release|Any CPU
		{2756C7ED-F9A2-47EA-99A2-5ACFADE65832}.AppStore|iPhone.Build.0 = Release|Any CPU
		{2756C7ED-F9A2-47EA-99A2-5ACFADE65832}.AppStore|iPhone.Deploy.0 = Release|Any CPU
		{2756C7ED-F9A2-47EA-99A2-5ACFADE65832}.AppStore|iPhoneSimulator.ActiveCfg = Release|Any CPU
		{2756C7ED-F9A2-47EA-99A2-5ACFADE65832}.AppStore|iPhoneSimulator.Build.0 = Release|Any CPU
		{2756C7ED-F9A2-47EA-99A2-5ACFADE65832}.AppStore|iPhoneSimulator.Deploy.0 = Release|Any CPU
		{2756C7ED-F9A2-47EA-99A2-5ACFADE65832}.AppStore|Mixed Platforms.ActiveCfg = Release|x86
		{2756C7ED-F9A2-47EA-99A2-5ACFADE65832}.AppStore|Mixed Platforms.Build.0 = Release|x86
		{2756C7ED-F9A2-47EA-99A2-5ACFADE65832}.AppStore|Mixed Platforms.Deploy.0 = Release|x86
		{2756C7ED-F9A2-47EA-99A2-5ACFADE65832}.AppStore|x64.ActiveCfg = Release|Any CPU
		{2756C7ED-F9A2-47EA-99A2-5ACFADE65832}.AppStore|x64.Build.0 = Release|Any CPU
		{2756C7ED-F9A2-47EA-99A2-5ACFADE65832}.AppStore|x64.Deploy.0 = Release|Any CPU
		{2756C7ED-F9A2-47EA-99A2-5ACFADE65832}.AppStore|x86.ActiveCfg = Release|x86
		{2756C7ED-F9A2-47EA-99A2-5ACFADE65832}.AppStore|x86.Build.0 = Release|x86
		{2756C7ED-F9A2-47EA-99A2-5ACFADE65832}.AppStore|x86.Deploy.0 = Release|x86
		{2756C7ED-F9A2-47EA-99A2-5ACFADE65832}.Debug|Any CPU.ActiveCfg = Debug|Any CPU
		{2756C7ED-F9A2-47EA-99A2-5ACFADE65832}.Debug|Any CPU.Build.0 = Debug|Any CPU
		{2756C7ED-F9A2-47EA-99A2-5ACFADE65832}.Debug|Any CPU.Deploy.0 = Debug|Any CPU
		{2756C7ED-F9A2-47EA-99A2-5ACFADE65832}.Debug|ARM.ActiveCfg = Debug|ARM
		{2756C7ED-F9A2-47EA-99A2-5ACFADE65832}.Debug|ARM.Build.0 = Debug|ARM
		{2756C7ED-F9A2-47EA-99A2-5ACFADE65832}.Debug|ARM.Deploy.0 = Debug|ARM
		{2756C7ED-F9A2-47EA-99A2-5ACFADE65832}.Debug|iPhone.ActiveCfg = Debug|Any CPU
		{2756C7ED-F9A2-47EA-99A2-5ACFADE65832}.Debug|iPhone.Build.0 = Debug|Any CPU
		{2756C7ED-F9A2-47EA-99A2-5ACFADE65832}.Debug|iPhone.Deploy.0 = Debug|Any CPU
		{2756C7ED-F9A2-47EA-99A2-5ACFADE65832}.Debug|iPhoneSimulator.ActiveCfg = Debug|Any CPU
		{2756C7ED-F9A2-47EA-99A2-5ACFADE65832}.Debug|iPhoneSimulator.Build.0 = Debug|Any CPU
		{2756C7ED-F9A2-47EA-99A2-5ACFADE65832}.Debug|iPhoneSimulator.Deploy.0 = Debug|Any CPU
		{2756C7ED-F9A2-47EA-99A2-5ACFADE65832}.Debug|Mixed Platforms.ActiveCfg = Debug|x86
		{2756C7ED-F9A2-47EA-99A2-5ACFADE65832}.Debug|Mixed Platforms.Build.0 = Debug|x86
		{2756C7ED-F9A2-47EA-99A2-5ACFADE65832}.Debug|Mixed Platforms.Deploy.0 = Debug|x86
		{2756C7ED-F9A2-47EA-99A2-5ACFADE65832}.Debug|x64.ActiveCfg = Debug|Any CPU
		{2756C7ED-F9A2-47EA-99A2-5ACFADE65832}.Debug|x64.Build.0 = Debug|Any CPU
		{2756C7ED-F9A2-47EA-99A2-5ACFADE65832}.Debug|x64.Deploy.0 = Debug|Any CPU
		{2756C7ED-F9A2-47EA-99A2-5ACFADE65832}.Debug|x86.ActiveCfg = Debug|x86
		{2756C7ED-F9A2-47EA-99A2-5ACFADE65832}.Debug|x86.Build.0 = Debug|x86
		{2756C7ED-F9A2-47EA-99A2-5ACFADE65832}.Debug|x86.Deploy.0 = Debug|x86
		{2756C7ED-F9A2-47EA-99A2-5ACFADE65832}.Release|Any CPU.ActiveCfg = Release|Any CPU
		{2756C7ED-F9A2-47EA-99A2-5ACFADE65832}.Release|Any CPU.Build.0 = Release|Any CPU
		{2756C7ED-F9A2-47EA-99A2-5ACFADE65832}.Release|Any CPU.Deploy.0 = Release|Any CPU
		{2756C7ED-F9A2-47EA-99A2-5ACFADE65832}.Release|ARM.ActiveCfg = Release|ARM
		{2756C7ED-F9A2-47EA-99A2-5ACFADE65832}.Release|ARM.Build.0 = Release|ARM
		{2756C7ED-F9A2-47EA-99A2-5ACFADE65832}.Release|ARM.Deploy.0 = Release|ARM
		{2756C7ED-F9A2-47EA-99A2-5ACFADE65832}.Release|iPhone.ActiveCfg = Release|Any CPU
		{2756C7ED-F9A2-47EA-99A2-5ACFADE65832}.Release|iPhone.Build.0 = Release|Any CPU
		{2756C7ED-F9A2-47EA-99A2-5ACFADE65832}.Release|iPhone.Deploy.0 = Release|Any CPU
		{2756C7ED-F9A2-47EA-99A2-5ACFADE65832}.Release|iPhoneSimulator.ActiveCfg = Release|Any CPU
		{2756C7ED-F9A2-47EA-99A2-5ACFADE65832}.Release|iPhoneSimulator.Build.0 = Release|Any CPU
		{2756C7ED-F9A2-47EA-99A2-5ACFADE65832}.Release|iPhoneSimulator.Deploy.0 = Release|Any CPU
		{2756C7ED-F9A2-47EA-99A2-5ACFADE65832}.Release|Mixed Platforms.ActiveCfg = Release|x86
		{2756C7ED-F9A2-47EA-99A2-5ACFADE65832}.Release|Mixed Platforms.Build.0 = Release|x86
		{2756C7ED-F9A2-47EA-99A2-5ACFADE65832}.Release|Mixed Platforms.Deploy.0 = Release|x86
		{2756C7ED-F9A2-47EA-99A2-5ACFADE65832}.Release|x64.ActiveCfg = Release|Any CPU
		{2756C7ED-F9A2-47EA-99A2-5ACFADE65832}.Release|x64.Build.0 = Release|Any CPU
		{2756C7ED-F9A2-47EA-99A2-5ACFADE65832}.Release|x64.Deploy.0 = Release|Any CPU
		{2756C7ED-F9A2-47EA-99A2-5ACFADE65832}.Release|x86.ActiveCfg = Release|x86
		{2756C7ED-F9A2-47EA-99A2-5ACFADE65832}.Release|x86.Build.0 = Release|x86
		{2756C7ED-F9A2-47EA-99A2-5ACFADE65832}.Release|x86.Deploy.0 = Release|x86
		{819CF130-6E89-4900-AD7E-1C2B1BE17523}.Ad-Hoc|Any CPU.ActiveCfg = Release|x86
		{819CF130-6E89-4900-AD7E-1C2B1BE17523}.Ad-Hoc|Any CPU.Build.0 = Release|x86
		{819CF130-6E89-4900-AD7E-1C2B1BE17523}.Ad-Hoc|Any CPU.Deploy.0 = Release|x86
		{819CF130-6E89-4900-AD7E-1C2B1BE17523}.Ad-Hoc|ARM.ActiveCfg = Release|ARM
		{819CF130-6E89-4900-AD7E-1C2B1BE17523}.Ad-Hoc|ARM.Build.0 = Release|ARM
		{819CF130-6E89-4900-AD7E-1C2B1BE17523}.Ad-Hoc|ARM.Deploy.0 = Release|ARM
		{819CF130-6E89-4900-AD7E-1C2B1BE17523}.Ad-Hoc|iPhone.ActiveCfg = Release|x86
		{819CF130-6E89-4900-AD7E-1C2B1BE17523}.Ad-Hoc|iPhone.Build.0 = Release|x86
		{819CF130-6E89-4900-AD7E-1C2B1BE17523}.Ad-Hoc|iPhone.Deploy.0 = Release|x86
		{819CF130-6E89-4900-AD7E-1C2B1BE17523}.Ad-Hoc|iPhoneSimulator.ActiveCfg = Release|x86
		{819CF130-6E89-4900-AD7E-1C2B1BE17523}.Ad-Hoc|iPhoneSimulator.Build.0 = Release|x86
		{819CF130-6E89-4900-AD7E-1C2B1BE17523}.Ad-Hoc|iPhoneSimulator.Deploy.0 = Release|x86
		{819CF130-6E89-4900-AD7E-1C2B1BE17523}.Ad-Hoc|Mixed Platforms.ActiveCfg = Release|x86
		{819CF130-6E89-4900-AD7E-1C2B1BE17523}.Ad-Hoc|Mixed Platforms.Build.0 = Release|x86
		{819CF130-6E89-4900-AD7E-1C2B1BE17523}.Ad-Hoc|Mixed Platforms.Deploy.0 = Release|x86
		{819CF130-6E89-4900-AD7E-1C2B1BE17523}.Ad-Hoc|x64.ActiveCfg = Release|x64
		{819CF130-6E89-4900-AD7E-1C2B1BE17523}.Ad-Hoc|x64.Build.0 = Release|x64
		{819CF130-6E89-4900-AD7E-1C2B1BE17523}.Ad-Hoc|x64.Deploy.0 = Release|x64
		{819CF130-6E89-4900-AD7E-1C2B1BE17523}.Ad-Hoc|x86.ActiveCfg = Release|x86
		{819CF130-6E89-4900-AD7E-1C2B1BE17523}.Ad-Hoc|x86.Build.0 = Release|x86
		{819CF130-6E89-4900-AD7E-1C2B1BE17523}.Ad-Hoc|x86.Deploy.0 = Release|x86
		{819CF130-6E89-4900-AD7E-1C2B1BE17523}.AppStore|Any CPU.ActiveCfg = Release|x86
		{819CF130-6E89-4900-AD7E-1C2B1BE17523}.AppStore|Any CPU.Build.0 = Release|x86
		{819CF130-6E89-4900-AD7E-1C2B1BE17523}.AppStore|Any CPU.Deploy.0 = Release|x86
		{819CF130-6E89-4900-AD7E-1C2B1BE17523}.AppStore|ARM.ActiveCfg = Release|ARM
		{819CF130-6E89-4900-AD7E-1C2B1BE17523}.AppStore|ARM.Build.0 = Release|ARM
		{819CF130-6E89-4900-AD7E-1C2B1BE17523}.AppStore|ARM.Deploy.0 = Release|ARM
		{819CF130-6E89-4900-AD7E-1C2B1BE17523}.AppStore|iPhone.ActiveCfg = Release|x86
		{819CF130-6E89-4900-AD7E-1C2B1BE17523}.AppStore|iPhone.Build.0 = Release|x86
		{819CF130-6E89-4900-AD7E-1C2B1BE17523}.AppStore|iPhone.Deploy.0 = Release|x86
		{819CF130-6E89-4900-AD7E-1C2B1BE17523}.AppStore|iPhoneSimulator.ActiveCfg = Release|x86
		{819CF130-6E89-4900-AD7E-1C2B1BE17523}.AppStore|iPhoneSimulator.Build.0 = Release|x86
		{819CF130-6E89-4900-AD7E-1C2B1BE17523}.AppStore|iPhoneSimulator.Deploy.0 = Release|x86
		{819CF130-6E89-4900-AD7E-1C2B1BE17523}.AppStore|Mixed Platforms.ActiveCfg = Release|x86
		{819CF130-6E89-4900-AD7E-1C2B1BE17523}.AppStore|Mixed Platforms.Build.0 = Release|x86
		{819CF130-6E89-4900-AD7E-1C2B1BE17523}.AppStore|Mixed Platforms.Deploy.0 = Release|x86
		{819CF130-6E89-4900-AD7E-1C2B1BE17523}.AppStore|x64.ActiveCfg = Release|x64
		{819CF130-6E89-4900-AD7E-1C2B1BE17523}.AppStore|x64.Build.0 = Release|x64
		{819CF130-6E89-4900-AD7E-1C2B1BE17523}.AppStore|x64.Deploy.0 = Release|x64
		{819CF130-6E89-4900-AD7E-1C2B1BE17523}.AppStore|x86.ActiveCfg = Release|x86
		{819CF130-6E89-4900-AD7E-1C2B1BE17523}.AppStore|x86.Build.0 = Release|x86
		{819CF130-6E89-4900-AD7E-1C2B1BE17523}.AppStore|x86.Deploy.0 = Release|x86
		{819CF130-6E89-4900-AD7E-1C2B1BE17523}.Debug|Any CPU.ActiveCfg = Debug|x86
		{819CF130-6E89-4900-AD7E-1C2B1BE17523}.Debug|Any CPU.Build.0 = Debug|x86
		{819CF130-6E89-4900-AD7E-1C2B1BE17523}.Debug|Any CPU.Deploy.0 = Debug|x86
		{819CF130-6E89-4900-AD7E-1C2B1BE17523}.Debug|ARM.ActiveCfg = Debug|ARM
		{819CF130-6E89-4900-AD7E-1C2B1BE17523}.Debug|ARM.Build.0 = Debug|ARM
		{819CF130-6E89-4900-AD7E-1C2B1BE17523}.Debug|ARM.Deploy.0 = Debug|ARM
		{819CF130-6E89-4900-AD7E-1C2B1BE17523}.Debug|iPhone.ActiveCfg = Debug|x86
		{819CF130-6E89-4900-AD7E-1C2B1BE17523}.Debug|iPhoneSimulator.ActiveCfg = Debug|x86
		{819CF130-6E89-4900-AD7E-1C2B1BE17523}.Debug|Mixed Platforms.ActiveCfg = Debug|x86
		{819CF130-6E89-4900-AD7E-1C2B1BE17523}.Debug|Mixed Platforms.Build.0 = Debug|x86
		{819CF130-6E89-4900-AD7E-1C2B1BE17523}.Debug|Mixed Platforms.Deploy.0 = Debug|x86
		{819CF130-6E89-4900-AD7E-1C2B1BE17523}.Debug|x64.ActiveCfg = Debug|x64
		{819CF130-6E89-4900-AD7E-1C2B1BE17523}.Debug|x64.Build.0 = Debug|x64
		{819CF130-6E89-4900-AD7E-1C2B1BE17523}.Debug|x64.Deploy.0 = Debug|x64
		{819CF130-6E89-4900-AD7E-1C2B1BE17523}.Debug|x86.ActiveCfg = Debug|x86
		{819CF130-6E89-4900-AD7E-1C2B1BE17523}.Debug|x86.Build.0 = Debug|x86
		{819CF130-6E89-4900-AD7E-1C2B1BE17523}.Debug|x86.Deploy.0 = Debug|x86
		{819CF130-6E89-4900-AD7E-1C2B1BE17523}.Release|Any CPU.ActiveCfg = Release|x86
		{819CF130-6E89-4900-AD7E-1C2B1BE17523}.Release|ARM.ActiveCfg = Release|ARM
		{819CF130-6E89-4900-AD7E-1C2B1BE17523}.Release|ARM.Build.0 = Release|ARM
		{819CF130-6E89-4900-AD7E-1C2B1BE17523}.Release|ARM.Deploy.0 = Release|ARM
		{819CF130-6E89-4900-AD7E-1C2B1BE17523}.Release|iPhone.ActiveCfg = Release|x86
		{819CF130-6E89-4900-AD7E-1C2B1BE17523}.Release|iPhoneSimulator.ActiveCfg = Release|x86
		{819CF130-6E89-4900-AD7E-1C2B1BE17523}.Release|Mixed Platforms.ActiveCfg = Release|x86
		{819CF130-6E89-4900-AD7E-1C2B1BE17523}.Release|Mixed Platforms.Build.0 = Release|x86
		{819CF130-6E89-4900-AD7E-1C2B1BE17523}.Release|Mixed Platforms.Deploy.0 = Release|x86
		{819CF130-6E89-4900-AD7E-1C2B1BE17523}.Release|x64.ActiveCfg = Release|x64
		{819CF130-6E89-4900-AD7E-1C2B1BE17523}.Release|x64.Build.0 = Release|x64
		{819CF130-6E89-4900-AD7E-1C2B1BE17523}.Release|x64.Deploy.0 = Release|x64
		{819CF130-6E89-4900-AD7E-1C2B1BE17523}.Release|x86.ActiveCfg = Release|x86
		{819CF130-6E89-4900-AD7E-1C2B1BE17523}.Release|x86.Build.0 = Release|x86
		{819CF130-6E89-4900-AD7E-1C2B1BE17523}.Release|x86.Deploy.0 = Release|x86
		{08947784-046B-4838-86D5-506DF38178A5}.Ad-Hoc|Any CPU.ActiveCfg = Release|Any CPU
		{08947784-046B-4838-86D5-506DF38178A5}.Ad-Hoc|Any CPU.Build.0 = Release|Any CPU
		{08947784-046B-4838-86D5-506DF38178A5}.Ad-Hoc|Any CPU.Deploy.0 = Release|Any CPU
		{08947784-046B-4838-86D5-506DF38178A5}.Ad-Hoc|ARM.ActiveCfg = Release|ARM
		{08947784-046B-4838-86D5-506DF38178A5}.Ad-Hoc|ARM.Build.0 = Release|ARM
		{08947784-046B-4838-86D5-506DF38178A5}.Ad-Hoc|ARM.Deploy.0 = Release|ARM
		{08947784-046B-4838-86D5-506DF38178A5}.Ad-Hoc|iPhone.ActiveCfg = Release|Any CPU
		{08947784-046B-4838-86D5-506DF38178A5}.Ad-Hoc|iPhone.Build.0 = Release|Any CPU
		{08947784-046B-4838-86D5-506DF38178A5}.Ad-Hoc|iPhone.Deploy.0 = Release|Any CPU
		{08947784-046B-4838-86D5-506DF38178A5}.Ad-Hoc|iPhoneSimulator.ActiveCfg = Release|Any CPU
		{08947784-046B-4838-86D5-506DF38178A5}.Ad-Hoc|iPhoneSimulator.Build.0 = Release|Any CPU
		{08947784-046B-4838-86D5-506DF38178A5}.Ad-Hoc|iPhoneSimulator.Deploy.0 = Release|Any CPU
		{08947784-046B-4838-86D5-506DF38178A5}.Ad-Hoc|Mixed Platforms.ActiveCfg = Release|x86
		{08947784-046B-4838-86D5-506DF38178A5}.Ad-Hoc|Mixed Platforms.Build.0 = Release|x86
		{08947784-046B-4838-86D5-506DF38178A5}.Ad-Hoc|Mixed Platforms.Deploy.0 = Release|x86
		{08947784-046B-4838-86D5-506DF38178A5}.Ad-Hoc|x64.ActiveCfg = Release|x64
		{08947784-046B-4838-86D5-506DF38178A5}.Ad-Hoc|x64.Build.0 = Release|x64
		{08947784-046B-4838-86D5-506DF38178A5}.Ad-Hoc|x64.Deploy.0 = Release|x64
		{08947784-046B-4838-86D5-506DF38178A5}.Ad-Hoc|x86.ActiveCfg = Release|x86
		{08947784-046B-4838-86D5-506DF38178A5}.Ad-Hoc|x86.Build.0 = Release|x86
		{08947784-046B-4838-86D5-506DF38178A5}.Ad-Hoc|x86.Deploy.0 = Release|x86
		{08947784-046B-4838-86D5-506DF38178A5}.AppStore|Any CPU.ActiveCfg = Release|Any CPU
		{08947784-046B-4838-86D5-506DF38178A5}.AppStore|Any CPU.Build.0 = Release|Any CPU
		{08947784-046B-4838-86D5-506DF38178A5}.AppStore|Any CPU.Deploy.0 = Release|Any CPU
		{08947784-046B-4838-86D5-506DF38178A5}.AppStore|ARM.ActiveCfg = Release|ARM
		{08947784-046B-4838-86D5-506DF38178A5}.AppStore|ARM.Build.0 = Release|ARM
		{08947784-046B-4838-86D5-506DF38178A5}.AppStore|ARM.Deploy.0 = Release|ARM
		{08947784-046B-4838-86D5-506DF38178A5}.AppStore|iPhone.ActiveCfg = Release|Any CPU
		{08947784-046B-4838-86D5-506DF38178A5}.AppStore|iPhone.Build.0 = Release|Any CPU
		{08947784-046B-4838-86D5-506DF38178A5}.AppStore|iPhone.Deploy.0 = Release|Any CPU
		{08947784-046B-4838-86D5-506DF38178A5}.AppStore|iPhoneSimulator.ActiveCfg = Release|Any CPU
		{08947784-046B-4838-86D5-506DF38178A5}.AppStore|iPhoneSimulator.Build.0 = Release|Any CPU
		{08947784-046B-4838-86D5-506DF38178A5}.AppStore|iPhoneSimulator.Deploy.0 = Release|Any CPU
		{08947784-046B-4838-86D5-506DF38178A5}.AppStore|Mixed Platforms.ActiveCfg = Release|x86
		{08947784-046B-4838-86D5-506DF38178A5}.AppStore|Mixed Platforms.Build.0 = Release|x86
		{08947784-046B-4838-86D5-506DF38178A5}.AppStore|Mixed Platforms.Deploy.0 = Release|x86
		{08947784-046B-4838-86D5-506DF38178A5}.AppStore|x64.ActiveCfg = Release|x64
		{08947784-046B-4838-86D5-506DF38178A5}.AppStore|x64.Build.0 = Release|x64
		{08947784-046B-4838-86D5-506DF38178A5}.AppStore|x64.Deploy.0 = Release|x64
		{08947784-046B-4838-86D5-506DF38178A5}.AppStore|x86.ActiveCfg = Release|x86
		{08947784-046B-4838-86D5-506DF38178A5}.AppStore|x86.Build.0 = Release|x86
		{08947784-046B-4838-86D5-506DF38178A5}.AppStore|x86.Deploy.0 = Release|x86
		{08947784-046B-4838-86D5-506DF38178A5}.Debug|Any CPU.ActiveCfg = Debug|Any CPU
		{08947784-046B-4838-86D5-506DF38178A5}.Debug|Any CPU.Build.0 = Debug|Any CPU
		{08947784-046B-4838-86D5-506DF38178A5}.Debug|Any CPU.Deploy.0 = Debug|Any CPU
		{08947784-046B-4838-86D5-506DF38178A5}.Debug|ARM.ActiveCfg = Debug|ARM
		{08947784-046B-4838-86D5-506DF38178A5}.Debug|ARM.Build.0 = Debug|ARM
		{08947784-046B-4838-86D5-506DF38178A5}.Debug|ARM.Deploy.0 = Debug|ARM
		{08947784-046B-4838-86D5-506DF38178A5}.Debug|iPhone.ActiveCfg = Debug|Any CPU
		{08947784-046B-4838-86D5-506DF38178A5}.Debug|iPhone.Build.0 = Debug|Any CPU
		{08947784-046B-4838-86D5-506DF38178A5}.Debug|iPhone.Deploy.0 = Debug|Any CPU
		{08947784-046B-4838-86D5-506DF38178A5}.Debug|iPhoneSimulator.ActiveCfg = Debug|Any CPU
		{08947784-046B-4838-86D5-506DF38178A5}.Debug|iPhoneSimulator.Build.0 = Debug|Any CPU
		{08947784-046B-4838-86D5-506DF38178A5}.Debug|iPhoneSimulator.Deploy.0 = Debug|Any CPU
		{08947784-046B-4838-86D5-506DF38178A5}.Debug|Mixed Platforms.ActiveCfg = Debug|x86
		{08947784-046B-4838-86D5-506DF38178A5}.Debug|Mixed Platforms.Build.0 = Debug|x86
		{08947784-046B-4838-86D5-506DF38178A5}.Debug|Mixed Platforms.Deploy.0 = Debug|x86
		{08947784-046B-4838-86D5-506DF38178A5}.Debug|x64.ActiveCfg = Debug|x64
		{08947784-046B-4838-86D5-506DF38178A5}.Debug|x64.Build.0 = Debug|x64
		{08947784-046B-4838-86D5-506DF38178A5}.Debug|x64.Deploy.0 = Debug|x64
		{08947784-046B-4838-86D5-506DF38178A5}.Debug|x86.ActiveCfg = Debug|x86
		{08947784-046B-4838-86D5-506DF38178A5}.Debug|x86.Build.0 = Debug|x86
		{08947784-046B-4838-86D5-506DF38178A5}.Debug|x86.Deploy.0 = Debug|x86
		{08947784-046B-4838-86D5-506DF38178A5}.Release|Any CPU.ActiveCfg = Release|Any CPU
		{08947784-046B-4838-86D5-506DF38178A5}.Release|Any CPU.Build.0 = Release|Any CPU
		{08947784-046B-4838-86D5-506DF38178A5}.Release|Any CPU.Deploy.0 = Release|Any CPU
		{08947784-046B-4838-86D5-506DF38178A5}.Release|ARM.ActiveCfg = Release|ARM
		{08947784-046B-4838-86D5-506DF38178A5}.Release|ARM.Build.0 = Release|ARM
		{08947784-046B-4838-86D5-506DF38178A5}.Release|ARM.Deploy.0 = Release|ARM
		{08947784-046B-4838-86D5-506DF38178A5}.Release|iPhone.ActiveCfg = Release|Any CPU
		{08947784-046B-4838-86D5-506DF38178A5}.Release|iPhone.Build.0 = Release|Any CPU
		{08947784-046B-4838-86D5-506DF38178A5}.Release|iPhone.Deploy.0 = Release|Any CPU
		{08947784-046B-4838-86D5-506DF38178A5}.Release|iPhoneSimulator.ActiveCfg = Release|Any CPU
		{08947784-046B-4838-86D5-506DF38178A5}.Release|iPhoneSimulator.Build.0 = Release|Any CPU
		{08947784-046B-4838-86D5-506DF38178A5}.Release|iPhoneSimulator.Deploy.0 = Release|Any CPU
		{08947784-046B-4838-86D5-506DF38178A5}.Release|Mixed Platforms.ActiveCfg = Release|x86
		{08947784-046B-4838-86D5-506DF38178A5}.Release|Mixed Platforms.Build.0 = Release|x86
		{08947784-046B-4838-86D5-506DF38178A5}.Release|Mixed Platforms.Deploy.0 = Release|x86
		{08947784-046B-4838-86D5-506DF38178A5}.Release|x64.ActiveCfg = Release|x64
		{08947784-046B-4838-86D5-506DF38178A5}.Release|x64.Build.0 = Release|x64
		{08947784-046B-4838-86D5-506DF38178A5}.Release|x64.Deploy.0 = Release|x64
		{08947784-046B-4838-86D5-506DF38178A5}.Release|x86.ActiveCfg = Release|x86
		{08947784-046B-4838-86D5-506DF38178A5}.Release|x86.Build.0 = Release|x86
		{08947784-046B-4838-86D5-506DF38178A5}.Release|x86.Deploy.0 = Release|x86
		{8506D846-A054-42E5-8B68-54699A561A88}.Ad-Hoc|Any CPU.ActiveCfg = Release|Any CPU
		{8506D846-A054-42E5-8B68-54699A561A88}.Ad-Hoc|Any CPU.Build.0 = Release|Any CPU
		{8506D846-A054-42E5-8B68-54699A561A88}.Ad-Hoc|ARM.ActiveCfg = Release|Any CPU
		{8506D846-A054-42E5-8B68-54699A561A88}.Ad-Hoc|ARM.Build.0 = Release|Any CPU
		{8506D846-A054-42E5-8B68-54699A561A88}.Ad-Hoc|iPhone.ActiveCfg = Release|Any CPU
		{8506D846-A054-42E5-8B68-54699A561A88}.Ad-Hoc|iPhone.Build.0 = Release|Any CPU
		{8506D846-A054-42E5-8B68-54699A561A88}.Ad-Hoc|iPhoneSimulator.ActiveCfg = Release|Any CPU
		{8506D846-A054-42E5-8B68-54699A561A88}.Ad-Hoc|iPhoneSimulator.Build.0 = Release|Any CPU
		{8506D846-A054-42E5-8B68-54699A561A88}.Ad-Hoc|Mixed Platforms.ActiveCfg = Release|Any CPU
		{8506D846-A054-42E5-8B68-54699A561A88}.Ad-Hoc|Mixed Platforms.Build.0 = Release|Any CPU
		{8506D846-A054-42E5-8B68-54699A561A88}.Ad-Hoc|x64.ActiveCfg = Release|Any CPU
		{8506D846-A054-42E5-8B68-54699A561A88}.Ad-Hoc|x64.Build.0 = Release|Any CPU
		{8506D846-A054-42E5-8B68-54699A561A88}.Ad-Hoc|x86.ActiveCfg = Release|Any CPU
		{8506D846-A054-42E5-8B68-54699A561A88}.Ad-Hoc|x86.Build.0 = Release|Any CPU
		{8506D846-A054-42E5-8B68-54699A561A88}.AppStore|Any CPU.ActiveCfg = Release|Any CPU
		{8506D846-A054-42E5-8B68-54699A561A88}.AppStore|Any CPU.Build.0 = Release|Any CPU
		{8506D846-A054-42E5-8B68-54699A561A88}.AppStore|ARM.ActiveCfg = Release|Any CPU
		{8506D846-A054-42E5-8B68-54699A561A88}.AppStore|ARM.Build.0 = Release|Any CPU
		{8506D846-A054-42E5-8B68-54699A561A88}.AppStore|iPhone.ActiveCfg = Release|Any CPU
		{8506D846-A054-42E5-8B68-54699A561A88}.AppStore|iPhone.Build.0 = Release|Any CPU
		{8506D846-A054-42E5-8B68-54699A561A88}.AppStore|iPhoneSimulator.ActiveCfg = Release|Any CPU
		{8506D846-A054-42E5-8B68-54699A561A88}.AppStore|iPhoneSimulator.Build.0 = Release|Any CPU
		{8506D846-A054-42E5-8B68-54699A561A88}.AppStore|Mixed Platforms.ActiveCfg = Release|Any CPU
		{8506D846-A054-42E5-8B68-54699A561A88}.AppStore|Mixed Platforms.Build.0 = Release|Any CPU
		{8506D846-A054-42E5-8B68-54699A561A88}.AppStore|x64.ActiveCfg = Release|Any CPU
		{8506D846-A054-42E5-8B68-54699A561A88}.AppStore|x64.Build.0 = Release|Any CPU
		{8506D846-A054-42E5-8B68-54699A561A88}.AppStore|x86.ActiveCfg = Release|Any CPU
		{8506D846-A054-42E5-8B68-54699A561A88}.AppStore|x86.Build.0 = Release|Any CPU
		{8506D846-A054-42E5-8B68-54699A561A88}.Debug|Any CPU.ActiveCfg = Debug|Any CPU
		{8506D846-A054-42E5-8B68-54699A561A88}.Debug|Any CPU.Build.0 = Debug|Any CPU
		{8506D846-A054-42E5-8B68-54699A561A88}.Debug|ARM.ActiveCfg = Debug|Any CPU
		{8506D846-A054-42E5-8B68-54699A561A88}.Debug|ARM.Build.0 = Debug|Any CPU
		{8506D846-A054-42E5-8B68-54699A561A88}.Debug|iPhone.ActiveCfg = Debug|Any CPU
		{8506D846-A054-42E5-8B68-54699A561A88}.Debug|iPhone.Build.0 = Debug|Any CPU
		{8506D846-A054-42E5-8B68-54699A561A88}.Debug|iPhoneSimulator.ActiveCfg = Debug|Any CPU
		{8506D846-A054-42E5-8B68-54699A561A88}.Debug|iPhoneSimulator.Build.0 = Debug|Any CPU
		{8506D846-A054-42E5-8B68-54699A561A88}.Debug|Mixed Platforms.ActiveCfg = Debug|Any CPU
		{8506D846-A054-42E5-8B68-54699A561A88}.Debug|Mixed Platforms.Build.0 = Debug|Any CPU
		{8506D846-A054-42E5-8B68-54699A561A88}.Debug|x64.ActiveCfg = Debug|Any CPU
		{8506D846-A054-42E5-8B68-54699A561A88}.Debug|x64.Build.0 = Debug|Any CPU
		{8506D846-A054-42E5-8B68-54699A561A88}.Debug|x86.ActiveCfg = Debug|Any CPU
		{8506D846-A054-42E5-8B68-54699A561A88}.Debug|x86.Build.0 = Debug|Any CPU
		{8506D846-A054-42E5-8B68-54699A561A88}.Release|Any CPU.ActiveCfg = Release|Any CPU
		{8506D846-A054-42E5-8B68-54699A561A88}.Release|Any CPU.Build.0 = Release|Any CPU
		{8506D846-A054-42E5-8B68-54699A561A88}.Release|ARM.ActiveCfg = Release|Any CPU
		{8506D846-A054-42E5-8B68-54699A561A88}.Release|ARM.Build.0 = Release|Any CPU
		{8506D846-A054-42E5-8B68-54699A561A88}.Release|iPhone.ActiveCfg = Release|Any CPU
		{8506D846-A054-42E5-8B68-54699A561A88}.Release|iPhone.Build.0 = Release|Any CPU
		{8506D846-A054-42E5-8B68-54699A561A88}.Release|iPhoneSimulator.ActiveCfg = Release|Any CPU
		{8506D846-A054-42E5-8B68-54699A561A88}.Release|iPhoneSimulator.Build.0 = Release|Any CPU
		{8506D846-A054-42E5-8B68-54699A561A88}.Release|Mixed Platforms.ActiveCfg = Release|Any CPU
		{8506D846-A054-42E5-8B68-54699A561A88}.Release|Mixed Platforms.Build.0 = Release|Any CPU
		{8506D846-A054-42E5-8B68-54699A561A88}.Release|x64.ActiveCfg = Release|Any CPU
		{8506D846-A054-42E5-8B68-54699A561A88}.Release|x64.Build.0 = Release|Any CPU
		{8506D846-A054-42E5-8B68-54699A561A88}.Release|x86.ActiveCfg = Release|Any CPU
		{8506D846-A054-42E5-8B68-54699A561A88}.Release|x86.Build.0 = Release|Any CPU
		{F0E761BA-D24A-42DA-A29D-93554D70E416}.Ad-Hoc|Any CPU.ActiveCfg = Release|Any CPU
		{F0E761BA-D24A-42DA-A29D-93554D70E416}.Ad-Hoc|Any CPU.Build.0 = Release|Any CPU
		{F0E761BA-D24A-42DA-A29D-93554D70E416}.Ad-Hoc|ARM.ActiveCfg = Release|Any CPU
		{F0E761BA-D24A-42DA-A29D-93554D70E416}.Ad-Hoc|ARM.Build.0 = Release|Any CPU
		{F0E761BA-D24A-42DA-A29D-93554D70E416}.Ad-Hoc|iPhone.ActiveCfg = Release|Any CPU
		{F0E761BA-D24A-42DA-A29D-93554D70E416}.Ad-Hoc|iPhone.Build.0 = Release|Any CPU
		{F0E761BA-D24A-42DA-A29D-93554D70E416}.Ad-Hoc|iPhoneSimulator.ActiveCfg = Release|Any CPU
		{F0E761BA-D24A-42DA-A29D-93554D70E416}.Ad-Hoc|iPhoneSimulator.Build.0 = Release|Any CPU
		{F0E761BA-D24A-42DA-A29D-93554D70E416}.Ad-Hoc|Mixed Platforms.ActiveCfg = Release|Any CPU
		{F0E761BA-D24A-42DA-A29D-93554D70E416}.Ad-Hoc|Mixed Platforms.Build.0 = Release|Any CPU
		{F0E761BA-D24A-42DA-A29D-93554D70E416}.Ad-Hoc|x64.ActiveCfg = Release|Any CPU
		{F0E761BA-D24A-42DA-A29D-93554D70E416}.Ad-Hoc|x64.Build.0 = Release|Any CPU
		{F0E761BA-D24A-42DA-A29D-93554D70E416}.Ad-Hoc|x86.ActiveCfg = Release|Any CPU
		{F0E761BA-D24A-42DA-A29D-93554D70E416}.Ad-Hoc|x86.Build.0 = Release|Any CPU
		{F0E761BA-D24A-42DA-A29D-93554D70E416}.AppStore|Any CPU.ActiveCfg = Release|Any CPU
		{F0E761BA-D24A-42DA-A29D-93554D70E416}.AppStore|Any CPU.Build.0 = Release|Any CPU
		{F0E761BA-D24A-42DA-A29D-93554D70E416}.AppStore|ARM.ActiveCfg = Release|Any CPU
		{F0E761BA-D24A-42DA-A29D-93554D70E416}.AppStore|ARM.Build.0 = Release|Any CPU
		{F0E761BA-D24A-42DA-A29D-93554D70E416}.AppStore|iPhone.ActiveCfg = Release|Any CPU
		{F0E761BA-D24A-42DA-A29D-93554D70E416}.AppStore|iPhone.Build.0 = Release|Any CPU
		{F0E761BA-D24A-42DA-A29D-93554D70E416}.AppStore|iPhoneSimulator.ActiveCfg = Release|Any CPU
		{F0E761BA-D24A-42DA-A29D-93554D70E416}.AppStore|iPhoneSimulator.Build.0 = Release|Any CPU
		{F0E761BA-D24A-42DA-A29D-93554D70E416}.AppStore|Mixed Platforms.ActiveCfg = Release|Any CPU
		{F0E761BA-D24A-42DA-A29D-93554D70E416}.AppStore|Mixed Platforms.Build.0 = Release|Any CPU
		{F0E761BA-D24A-42DA-A29D-93554D70E416}.AppStore|x64.ActiveCfg = Release|Any CPU
		{F0E761BA-D24A-42DA-A29D-93554D70E416}.AppStore|x64.Build.0 = Release|Any CPU
		{F0E761BA-D24A-42DA-A29D-93554D70E416}.AppStore|x86.ActiveCfg = Release|Any CPU
		{F0E761BA-D24A-42DA-A29D-93554D70E416}.AppStore|x86.Build.0 = Release|Any CPU
		{F0E761BA-D24A-42DA-A29D-93554D70E416}.Debug|Any CPU.ActiveCfg = Debug|Any CPU
		{F0E761BA-D24A-42DA-A29D-93554D70E416}.Debug|Any CPU.Build.0 = Debug|Any CPU
		{F0E761BA-D24A-42DA-A29D-93554D70E416}.Debug|ARM.ActiveCfg = Debug|Any CPU
		{F0E761BA-D24A-42DA-A29D-93554D70E416}.Debug|ARM.Build.0 = Debug|Any CPU
		{F0E761BA-D24A-42DA-A29D-93554D70E416}.Debug|iPhone.ActiveCfg = Debug|Any CPU
		{F0E761BA-D24A-42DA-A29D-93554D70E416}.Debug|iPhone.Build.0 = Debug|Any CPU
		{F0E761BA-D24A-42DA-A29D-93554D70E416}.Debug|iPhoneSimulator.ActiveCfg = Debug|Any CPU
		{F0E761BA-D24A-42DA-A29D-93554D70E416}.Debug|iPhoneSimulator.Build.0 = Debug|Any CPU
		{F0E761BA-D24A-42DA-A29D-93554D70E416}.Debug|Mixed Platforms.ActiveCfg = Debug|Any CPU
		{F0E761BA-D24A-42DA-A29D-93554D70E416}.Debug|Mixed Platforms.Build.0 = Debug|Any CPU
		{F0E761BA-D24A-42DA-A29D-93554D70E416}.Debug|x64.ActiveCfg = Debug|Any CPU
		{F0E761BA-D24A-42DA-A29D-93554D70E416}.Debug|x64.Build.0 = Debug|Any CPU
		{F0E761BA-D24A-42DA-A29D-93554D70E416}.Debug|x86.ActiveCfg = Debug|Any CPU
		{F0E761BA-D24A-42DA-A29D-93554D70E416}.Debug|x86.Build.0 = Debug|Any CPU
		{F0E761BA-D24A-42DA-A29D-93554D70E416}.Release|Any CPU.ActiveCfg = Release|Any CPU
		{F0E761BA-D24A-42DA-A29D-93554D70E416}.Release|Any CPU.Build.0 = Release|Any CPU
		{F0E761BA-D24A-42DA-A29D-93554D70E416}.Release|ARM.ActiveCfg = Release|Any CPU
		{F0E761BA-D24A-42DA-A29D-93554D70E416}.Release|ARM.Build.0 = Release|Any CPU
		{F0E761BA-D24A-42DA-A29D-93554D70E416}.Release|iPhone.ActiveCfg = Release|Any CPU
		{F0E761BA-D24A-42DA-A29D-93554D70E416}.Release|iPhone.Build.0 = Release|Any CPU
		{F0E761BA-D24A-42DA-A29D-93554D70E416}.Release|iPhoneSimulator.ActiveCfg = Release|Any CPU
		{F0E761BA-D24A-42DA-A29D-93554D70E416}.Release|iPhoneSimulator.Build.0 = Release|Any CPU
		{F0E761BA-D24A-42DA-A29D-93554D70E416}.Release|Mixed Platforms.ActiveCfg = Release|Any CPU
		{F0E761BA-D24A-42DA-A29D-93554D70E416}.Release|Mixed Platforms.Build.0 = Release|Any CPU
		{F0E761BA-D24A-42DA-A29D-93554D70E416}.Release|x64.ActiveCfg = Release|Any CPU
		{F0E761BA-D24A-42DA-A29D-93554D70E416}.Release|x64.Build.0 = Release|Any CPU
		{F0E761BA-D24A-42DA-A29D-93554D70E416}.Release|x86.ActiveCfg = Release|Any CPU
		{F0E761BA-D24A-42DA-A29D-93554D70E416}.Release|x86.Build.0 = Release|Any CPU
		{D676E2A1-C502-446B-B7A4-CCD2803467EA}.Ad-Hoc|Any CPU.ActiveCfg = Release|Any CPU
		{D676E2A1-C502-446B-B7A4-CCD2803467EA}.Ad-Hoc|Any CPU.Build.0 = Release|Any CPU
		{D676E2A1-C502-446B-B7A4-CCD2803467EA}.Ad-Hoc|ARM.ActiveCfg = Release|Any CPU
		{D676E2A1-C502-446B-B7A4-CCD2803467EA}.Ad-Hoc|ARM.Build.0 = Release|Any CPU
		{D676E2A1-C502-446B-B7A4-CCD2803467EA}.Ad-Hoc|iPhone.ActiveCfg = Release|Any CPU
		{D676E2A1-C502-446B-B7A4-CCD2803467EA}.Ad-Hoc|iPhone.Build.0 = Release|Any CPU
		{D676E2A1-C502-446B-B7A4-CCD2803467EA}.Ad-Hoc|iPhoneSimulator.ActiveCfg = Release|Any CPU
		{D676E2A1-C502-446B-B7A4-CCD2803467EA}.Ad-Hoc|iPhoneSimulator.Build.0 = Release|Any CPU
		{D676E2A1-C502-446B-B7A4-CCD2803467EA}.Ad-Hoc|Mixed Platforms.ActiveCfg = Release|Any CPU
		{D676E2A1-C502-446B-B7A4-CCD2803467EA}.Ad-Hoc|Mixed Platforms.Build.0 = Release|Any CPU
		{D676E2A1-C502-446B-B7A4-CCD2803467EA}.Ad-Hoc|x64.ActiveCfg = Release|Any CPU
		{D676E2A1-C502-446B-B7A4-CCD2803467EA}.Ad-Hoc|x64.Build.0 = Release|Any CPU
		{D676E2A1-C502-446B-B7A4-CCD2803467EA}.Ad-Hoc|x86.ActiveCfg = Release|Any CPU
		{D676E2A1-C502-446B-B7A4-CCD2803467EA}.Ad-Hoc|x86.Build.0 = Release|Any CPU
		{D676E2A1-C502-446B-B7A4-CCD2803467EA}.AppStore|Any CPU.ActiveCfg = Release|Any CPU
		{D676E2A1-C502-446B-B7A4-CCD2803467EA}.AppStore|Any CPU.Build.0 = Release|Any CPU
		{D676E2A1-C502-446B-B7A4-CCD2803467EA}.AppStore|ARM.ActiveCfg = Release|Any CPU
		{D676E2A1-C502-446B-B7A4-CCD2803467EA}.AppStore|ARM.Build.0 = Release|Any CPU
		{D676E2A1-C502-446B-B7A4-CCD2803467EA}.AppStore|iPhone.ActiveCfg = Release|Any CPU
		{D676E2A1-C502-446B-B7A4-CCD2803467EA}.AppStore|iPhone.Build.0 = Release|Any CPU
		{D676E2A1-C502-446B-B7A4-CCD2803467EA}.AppStore|iPhoneSimulator.ActiveCfg = Release|Any CPU
		{D676E2A1-C502-446B-B7A4-CCD2803467EA}.AppStore|iPhoneSimulator.Build.0 = Release|Any CPU
		{D676E2A1-C502-446B-B7A4-CCD2803467EA}.AppStore|Mixed Platforms.ActiveCfg = Release|Any CPU
		{D676E2A1-C502-446B-B7A4-CCD2803467EA}.AppStore|Mixed Platforms.Build.0 = Release|Any CPU
		{D676E2A1-C502-446B-B7A4-CCD2803467EA}.AppStore|x64.ActiveCfg = Release|Any CPU
		{D676E2A1-C502-446B-B7A4-CCD2803467EA}.AppStore|x64.Build.0 = Release|Any CPU
		{D676E2A1-C502-446B-B7A4-CCD2803467EA}.AppStore|x86.ActiveCfg = Release|Any CPU
		{D676E2A1-C502-446B-B7A4-CCD2803467EA}.AppStore|x86.Build.0 = Release|Any CPU
		{D676E2A1-C502-446B-B7A4-CCD2803467EA}.Debug|Any CPU.ActiveCfg = Debug|Any CPU
		{D676E2A1-C502-446B-B7A4-CCD2803467EA}.Debug|Any CPU.Build.0 = Debug|Any CPU
		{D676E2A1-C502-446B-B7A4-CCD2803467EA}.Debug|ARM.ActiveCfg = Debug|Any CPU
		{D676E2A1-C502-446B-B7A4-CCD2803467EA}.Debug|ARM.Build.0 = Debug|Any CPU
		{D676E2A1-C502-446B-B7A4-CCD2803467EA}.Debug|iPhone.ActiveCfg = Debug|Any CPU
		{D676E2A1-C502-446B-B7A4-CCD2803467EA}.Debug|iPhone.Build.0 = Debug|Any CPU
		{D676E2A1-C502-446B-B7A4-CCD2803467EA}.Debug|iPhoneSimulator.ActiveCfg = Debug|Any CPU
		{D676E2A1-C502-446B-B7A4-CCD2803467EA}.Debug|iPhoneSimulator.Build.0 = Debug|Any CPU
		{D676E2A1-C502-446B-B7A4-CCD2803467EA}.Debug|Mixed Platforms.ActiveCfg = Debug|Any CPU
		{D676E2A1-C502-446B-B7A4-CCD2803467EA}.Debug|Mixed Platforms.Build.0 = Debug|Any CPU
		{D676E2A1-C502-446B-B7A4-CCD2803467EA}.Debug|x64.ActiveCfg = Debug|Any CPU
		{D676E2A1-C502-446B-B7A4-CCD2803467EA}.Debug|x64.Build.0 = Debug|Any CPU
		{D676E2A1-C502-446B-B7A4-CCD2803467EA}.Debug|x86.ActiveCfg = Debug|Any CPU
		{D676E2A1-C502-446B-B7A4-CCD2803467EA}.Debug|x86.Build.0 = Debug|Any CPU
		{D676E2A1-C502-446B-B7A4-CCD2803467EA}.Release|Any CPU.ActiveCfg = Release|Any CPU
		{D676E2A1-C502-446B-B7A4-CCD2803467EA}.Release|Any CPU.Build.0 = Release|Any CPU
		{D676E2A1-C502-446B-B7A4-CCD2803467EA}.Release|ARM.ActiveCfg = Release|Any CPU
		{D676E2A1-C502-446B-B7A4-CCD2803467EA}.Release|ARM.Build.0 = Release|Any CPU
		{D676E2A1-C502-446B-B7A4-CCD2803467EA}.Release|iPhone.ActiveCfg = Release|Any CPU
		{D676E2A1-C502-446B-B7A4-CCD2803467EA}.Release|iPhone.Build.0 = Release|Any CPU
		{D676E2A1-C502-446B-B7A4-CCD2803467EA}.Release|iPhoneSimulator.ActiveCfg = Release|Any CPU
		{D676E2A1-C502-446B-B7A4-CCD2803467EA}.Release|iPhoneSimulator.Build.0 = Release|Any CPU
		{D676E2A1-C502-446B-B7A4-CCD2803467EA}.Release|Mixed Platforms.ActiveCfg = Release|Any CPU
		{D676E2A1-C502-446B-B7A4-CCD2803467EA}.Release|Mixed Platforms.Build.0 = Release|Any CPU
		{D676E2A1-C502-446B-B7A4-CCD2803467EA}.Release|x64.ActiveCfg = Release|Any CPU
		{D676E2A1-C502-446B-B7A4-CCD2803467EA}.Release|x64.Build.0 = Release|Any CPU
		{D676E2A1-C502-446B-B7A4-CCD2803467EA}.Release|x86.ActiveCfg = Release|Any CPU
		{D676E2A1-C502-446B-B7A4-CCD2803467EA}.Release|x86.Build.0 = Release|Any CPU
	EndGlobalSection
	GlobalSection(SolutionProperties) = preSolution
		HideSolutionNode = FALSE
	EndGlobalSection
	GlobalSection(NestedProjects) = preSolution
		{E7DF00A8-4492-411C-B80C-FC8974C5BA5D} = {E3FFEE3A-453E-4DB9-8BC7-81B7194884DD}
		{BAF1F2AB-6396-44AC-8ECD-7DB52F52B102} = {F1BF6501-604E-4FE6-8D7C-DA855E7C82EF}
		{BC635AA4-3E2D-4BB6-8504-F0BC99BD1FF8} = {BAF1F2AB-6396-44AC-8ECD-7DB52F52B102}
		{F5568B4C-2A55-4AD9-8F1D-126EE5D51076} = {BAF1F2AB-6396-44AC-8ECD-7DB52F52B102}
		{2756C7ED-F9A2-47EA-99A2-5ACFADE65832} = {BAF1F2AB-6396-44AC-8ECD-7DB52F52B102}
		{819CF130-6E89-4900-AD7E-1C2B1BE17523} = {BAF1F2AB-6396-44AC-8ECD-7DB52F52B102}
		{08947784-046B-4838-86D5-506DF38178A5} = {BAF1F2AB-6396-44AC-8ECD-7DB52F52B102}
		{8506D846-A054-42E5-8B68-54699A561A88} = {BAF1F2AB-6396-44AC-8ECD-7DB52F52B102}
		{1DDEFE86-2457-40FD-9E6D-445A54CEB27F} = {F1BF6501-604E-4FE6-8D7C-DA855E7C82EF}
		{F0E761BA-D24A-42DA-A29D-93554D70E416} = {1DDEFE86-2457-40FD-9E6D-445A54CEB27F}
		{D676E2A1-C502-446B-B7A4-CCD2803467EA} = {D9637CFB-4B21-4775-BAFC-3D0D1F33B350}
		{2D2DAB08-733C-4E91-B079-07DB05F4C53C} = {F1BF6501-604E-4FE6-8D7C-DA855E7C82EF}
	EndGlobalSection
EndGlobal
